{
  "pins" : [
    {
      "identity" : "focusentity",
      "kind" : "remoteSourceControl",
      "location" : "https://github.com/maxxfrazer/FocusEntity",
      "state" : {
        "branch" : "main",
        "revision" : "ced786adbfd91d701316c369bd52f023f681733b"
      }
    }
  ],
  "version" : 2
}
