// !$*UTF8*$!
{
	archiveVersion = 1;
	classes = {
	};
	objectVersion = 56;
	objects = {

/* Begin PBXBuildFile section */
		80C2738E29322AD30077FCE8 /* AppDelegate.swift in Sources */ = {isa = PBXBuildFile; fileRef = 80C2738D29322AD30077FCE8 /* AppDelegate.swift */; };
		80C2739029322AD30077FCE8 /* SceneDelegate.swift in Sources */ = {isa = PBXBuildFile; fileRef = 80C2738F29322AD30077FCE8 /* SceneDelegate.swift */; };
		80C2739229322AD30077FCE8 /* ViewController.swift in Sources */ = {isa = PBXBuildFile; fileRef = 80C2739129322AD30077FCE8 /* ViewController.swift */; };
		80C2739529322AD30077FCE8 /* Main.storyboard in Resources */ = {isa = PBXBuildFile; fileRef = 80C2739329322AD30077FCE8 /* Main.storyboard */; };
		80C2739729322AD50077FCE8 /* Assets.xcassets in Resources */ = {isa = PBXBuildFile; fileRef = 80C2739629322AD50077FCE8 /* Assets.xcassets */; };
		80C2739A29322AD50077FCE8 /* LaunchScreen.storyboard in Resources */ = {isa = PBXBuildFile; fileRef = 80C2739829322AD50077FCE8 /* LaunchScreen.storyboard */; };
		80C273A529322AD60077FCE8 /* TezosHackerHouseTests.swift in Sources */ = {isa = PBXBuildFile; fileRef = 80C273A429322AD60077FCE8 /* TezosHackerHouseTests.swift */; };
		80C273AF29322AD60077FCE8 /* TezosHackerHouseUITests.swift in Sources */ = {isa = PBXBuildFile; fileRef = 80C273AE29322AD60077FCE8 /* TezosHackerHouseUITests.swift */; };
		80C273B129322AD60077FCE8 /* TezosHackerHouseUITestsLaunchTests.swift in Sources */ = {isa = PBXBuildFile; fileRef = 80C273B029322AD60077FCE8 /* TezosHackerHouseUITestsLaunchTests.swift */; };
		80C273BE29322AF60077FCE8 /* LoginViewController.swift in Sources */ = {isa = PBXBuildFile; fileRef = 80C273BD29322AF60077FCE8 /* LoginViewController.swift */; };
/* End PBXBuildFile section */

/* Begin PBXContainerItemProxy section */
		80C273A129322AD60077FCE8 /* PBXContainerItemProxy */ = {
			isa = PBXContainerItemProxy;
			containerPortal = 80C2738229322AD30077FCE8 /* Project object */;
			proxyType = 1;
			remoteGlobalIDString = 80C2738929322AD30077FCE8;
			remoteInfo = TezosHackerHouse;
		};
		80C273AB29322AD60077FCE8 /* PBXContainerItemProxy */ = {
			isa = PBXContainerItemProxy;
			containerPortal = 80C2738229322AD30077FCE8 /* Project object */;
			proxyType = 1;
			remoteGlobalIDString = 80C2738929322AD30077FCE8;
			remoteInfo = TezosHackerHouse;
		};
/* End PBXContainerItemProxy section */

/* Begin PBXFileReference section */
		80C2738A29322AD30077FCE8 /* TezosHackerHouse.app */ = {isa = PBXFileReference; explicitFileType = wrapper.application; includeInIndex = 0; path = TezosHackerHouse.app; sourceTree = BUILT_PRODUCTS_DIR; };
		80C2738D29322AD30077FCE8 /* AppDelegate.swift */ = {isa = PBXFileReference; lastKnownFileType = sourcecode.swift; path = AppDelegate.swift; sourceTree = "<group>"; };
		80C2738F29322AD30077FCE8 /* SceneDelegate.swift */ = {isa = PBXFileReference; lastKnownFileType = sourcecode.swift; path = SceneDelegate.swift; sourceTree = "<group>"; };
		80C2739129322AD30077FCE8 /* ViewController.swift */ = {isa = PBXFileReference; lastKnownFileType = sourcecode.swift; path = ViewController.swift; sourceTree = "<group>"; };
		80C2739429322AD30077FCE8 /* Base */ = {isa = PBXFileReference; lastKnownFileType = file.storyboard; name = Base; path = Base.lproj/Main.storyboard; sourceTree = "<group>"; };
		80C2739629322AD50077FCE8 /* Assets.xcassets */ = {isa = PBXFileReference; lastKnownFileType = folder.assetcatalog; path = Assets.xcassets; sourceTree = "<group>"; };
		80C2739929322AD50077FCE8 /* Base */ = {isa = PBXFileReference; lastKnownFileType = file.storyboard; name = Base; path = Base.lproj/LaunchScreen.storyboard; sourceTree = "<group>"; };
		80C2739B29322AD50077FCE8 /* Info.plist */ = {isa = PBXFileReference; lastKnownFileType = text.plist.xml; path = Info.plist; sourceTree = "<group>"; };
		80C273A029322AD60077FCE8 /* TezosHackerHouseTests.xctest */ = {isa = PBXFileReference; explicitFileType = wrapper.cfbundle; includeInIndex = 0; path = TezosHackerHouseTests.xctest; sourceTree = BUILT_PRODUCTS_DIR; };
		80C273A429322AD60077FCE8 /* TezosHackerHouseTests.swift */ = {isa = PBXFileReference; lastKnownFileType = sourcecode.swift; path = TezosHackerHouseTests.swift; sourceTree = "<group>"; };
		80C273AA29322AD60077FCE8 /* TezosHackerHouseUITests.xctest */ = {isa = PBXFileReference; explicitFileType = wrapper.cfbundle; includeInIndex = 0; path = TezosHackerHouseUITests.xctest; sourceTree = BUILT_PRODUCTS_DIR; };
		80C273AE29322AD60077FCE8 /* TezosHackerHouseUITests.swift */ = {isa = PBXFileReference; lastKnownFileType = sourcecode.swift; path = TezosHackerHouseUITests.swift; sourceTree = "<group>"; };
		80C273B029322AD60077FCE8 /* TezosHackerHouseUITestsLaunchTests.swift */ = {isa = PBXFileReference; lastKnownFileType = sourcecode.swift; path = TezosHackerHouseUITestsLaunchTests.swift; sourceTree = "<group>"; };
		80C273BD29322AF60077FCE8 /* LoginViewController.swift */ = {isa = PBXFileReference; lastKnownFileType = sourcecode.swift; path = LoginViewController.swift; sourceTree = "<group>"; };
/* End PBXFileReference section */

/* Begin PBXFrameworksBuildPhase section */
		80C2738729322AD30077FCE8 /* Frameworks */ = {
			isa = PBXFrameworksBuildPhase;
			buildActionMask = 2147483647;
			files = (
			);
			runOnlyForDeploymentPostprocessing = 0;
		};
		80C2739D29322AD60077FCE8 /* Frameworks */ = {
			isa = PBXFrameworksBuildPhase;
			buildActionMask = 2147483647;
			files = (
			);
			runOnlyForDeploymentPostprocessing = 0;
		};
		80C273A729322AD60077FCE8 /* Frameworks */ = {
			isa = PBXFrameworksBuildPhase;
			buildActionMask = 2147483647;
			files = (
			);
			runOnlyForDeploymentPostprocessing = 0;
		};
/* End PBXFrameworksBuildPhase section */

/* Begin PBXGroup section */
		80C2738129322AD30077FCE8 = {
			isa = PBXGroup;
			children = (
				80C2738C29322AD30077FCE8 /* TezosHackerHouse */,
				80C273A329322AD60077FCE8 /* TezosHackerHouseTests */,
				80C273AD29322AD60077FCE8 /* TezosHackerHouseUITests */,
				80C2738B29322AD30077FCE8 /* Products */,
			);
			sourceTree = "<group>";
		};
		80C2738B29322AD30077FCE8 /* Products */ = {
			isa = PBXGroup;
			children = (
				80C2738A29322AD30077FCE8 /* TezosHackerHouse.app */,
				80C273A029322AD60077FCE8 /* TezosHackerHouseTests.xctest */,
				80C273AA29322AD60077FCE8 /* TezosHackerHouseUITests.xctest */,
			);
			name = Products;
			sourceTree = "<group>";
		};
		80C2738C29322AD30077FCE8 /* TezosHackerHouse */ = {
			isa = PBXGroup;
			children = (
				80C2738D29322AD30077FCE8 /* AppDelegate.swift */,
				80C2738F29322AD30077FCE8 /* SceneDelegate.swift */,
				80C273BD29322AF60077FCE8 /* LoginViewController.swift */,
				80C2739129322AD30077FCE8 /* ViewController.swift */,
				80C2739329322AD30077FCE8 /* Main.storyboard */,
				80C2739629322AD50077FCE8 /* Assets.xcassets */,
				80C2739829322AD50077FCE8 /* LaunchScreen.storyboard */,
				80C2739B29322AD50077FCE8 /* Info.plist */,
			);
			path = TezosHackerHouse;
			sourceTree = "<group>";
		};
		80C273A329322AD60077FCE8 /* TezosHackerHouseTests */ = {
			isa = PBXGroup;
			children = (
				80C273A429322AD60077FCE8 /* TezosHackerHouseTests.swift */,
			);
			path = TezosHackerHouseTests;
			sourceTree = "<group>";
		};
		80C273AD29322AD60077FCE8 /* TezosHackerHouseUITests */ = {
			isa = PBXGroup;
			children = (
				80C273AE29322AD60077FCE8 /* TezosHackerHouseUITests.swift */,
				80C273B029322AD60077FCE8 /* TezosHackerHouseUITestsLaunchTests.swift */,
			);
			path = TezosHackerHouseUITests;
			sourceTree = "<group>";
		};
/* End PBXGroup section */

/* Begin PBXNativeTarget section */
		80C2738929322AD30077FCE8 /* TezosHackerHouse */ = {
			isa = PBXNativeTarget;
			buildConfigurationList = 80C273B429322AD60077FCE8 /* Build configuration list for PBXNativeTarget "TezosHackerHouse" */;
			buildPhases = (
				80C2738629322AD30077FCE8 /* Sources */,
				80C2738729322AD30077FCE8 /* Frameworks */,
				80C2738829322AD30077FCE8 /* Resources */,
			);
			buildRules = (
			);
			dependencies = (
			);
			name = TezosHackerHouse;
			productName = TezosHackerHouse;
			productReference = 80C2738A29322AD30077FCE8 /* TezosHackerHouse.app */;
			productType = "com.apple.product-type.application";
		};
		80C2739F29322AD60077FCE8 /* TezosHackerHouseTests */ = {
			isa = PBXNativeTarget;
			buildConfigurationList = 80C273B729322AD60077FCE8 /* Build configuration list for PBXNativeTarget "TezosHackerHouseTests" */;
			buildPhases = (
				80C2739C29322AD60077FCE8 /* Sources */,
				80C2739D29322AD60077FCE8 /* Frameworks */,
				80C2739E29322AD60077FCE8 /* Resources */,
			);
			buildRules = (
			);
			dependencies = (
				80C273A229322AD60077FCE8 /* PBXTargetDependency */,
			);
			name = TezosHackerHouseTests;
			productName = TezosHackerHouseTests;
			productReference = 80C273A029322AD60077FCE8 /* TezosHackerHouseTests.xctest */;
			productType = "com.apple.product-type.bundle.unit-test";
		};
		80C273A929322AD60077FCE8 /* TezosHackerHouseUITests */ = {
			isa = PBXNativeTarget;
			buildConfigurationList = 80C273BA29322AD60077FCE8 /* Build configuration list for PBXNativeTarget "TezosHackerHouseUITests" */;
			buildPhases = (
				80C273A629322AD60077FCE8 /* Sources */,
				80C273A729322AD60077FCE8 /* Frameworks */,
				80C273A829322AD60077FCE8 /* Resources */,
			);
			buildRules = (
			);
			dependencies = (
				80C273AC29322AD60077FCE8 /* PBXTargetDependency */,
			);
			name = TezosHackerHouseUITests;
			productName = TezosHackerHouseUITests;
			productReference = 80C273AA29322AD60077FCE8 /* TezosHackerHouseUITests.xctest */;
			productType = "com.apple.product-type.bundle.ui-testing";
		};
/* End PBXNativeTarget section */

/* Begin PBXProject section */
		80C2738229322AD30077FCE8 /* Project object */ = {
			isa = PBXProject;
			attributes = {
				BuildIndependentTargetsInParallel = 1;
				LastSwiftUpdateCheck = 1410;
				LastUpgradeCheck = 1410;
				TargetAttributes = {
					80C2738929322AD30077FCE8 = {
						CreatedOnToolsVersion = 14.1;
					};
					80C2739F29322AD60077FCE8 = {
						CreatedOnToolsVersion = 14.1;
						TestTargetID = 80C2738929322AD30077FCE8;
					};
					80C273A929322AD60077FCE8 = {
						CreatedOnToolsVersion = 14.1;
						TestTargetID = 80C2738929322AD30077FCE8;
					};
				};
			};
			buildConfigurationList = 80C2738529322AD30077FCE8 /* Build configuration list for PBXProject "TezosHackerHouse" */;
			compatibilityVersion = "Xcode 14.0";
			developmentRegion = en;
			hasScannedForEncodings = 0;
			knownRegions = (
				en,
				Base,
			);
			mainGroup = 80C2738129322AD30077FCE8;
			productRefGroup = 80C2738B29322AD30077FCE8 /* Products */;
			projectDirPath = "";
			projectRoot = "";
			targets = (
				80C2738929322AD30077FCE8 /* TezosHackerHouse */,
				80C2739F29322AD60077FCE8 /* TezosHackerHouseTests */,
				80C273A929322AD60077FCE8 /* TezosHackerHouseUITests */,
			);
		};
/* End PBXProject section */

/* Begin PBXResourcesBuildPhase section */
		80C2738829322AD30077FCE8 /* Resources */ = {
			isa = PBXResourcesBuildPhase;
			buildActionMask = 2147483647;
			files = (
				80C2739A29322AD50077FCE8 /* LaunchScreen.storyboard in Resources */,
				80C2739729322AD50077FCE8 /* Assets.xcassets in Resources */,
				80C2739529322AD30077FCE8 /* Main.storyboard in Resources */,
			);
			runOnlyForDeploymentPostprocessing = 0;
		};
		80C2739E29322AD60077FCE8 /* Resources */ = {
			isa = PBXResourcesBuildPhase;
			buildActionMask = 2147483647;
			files = (
			);
			runOnlyForDeploymentPostprocessing = 0;
		};
		80C273A829322AD60077FCE8 /* Resources */ = {
			isa = PBXResourcesBuildPhase;
			buildActionMask = 2147483647;
			files = (
			);
			runOnlyForDeploymentPostprocessing = 0;
		};
/* End PBXResourcesBuildPhase section */

/* Begin PBXSourcesBuildPhase section */
		80C2738629322AD30077FCE8 /* Sources */ = {
			isa = PBXSourcesBuildPhase;
			buildActionMask = 2147483647;
			files = (
				80C273BE29322AF60077FCE8 /* LoginViewController.swift in Sources */,
				80C2739229322AD30077FCE8 /* ViewController.swift in Sources */,
				80C2738E29322AD30077FCE8 /* AppDelegate.swift in Sources */,
				80C2739029322AD30077FCE8 /* SceneDelegate.swift in Sources */,
			);
			runOnlyForDeploymentPostprocessing = 0;
		};
		80C2739C29322AD60077FCE8 /* Sources */ = {
			isa = PBXSourcesBuildPhase;
			buildActionMask = 2147483647;
			files = (
				80C273A529322AD60077FCE8 /* TezosHackerHouseTests.swift in Sources */,
			);
			runOnlyForDeploymentPostprocessing = 0;
		};
		80C273A629322AD60077FCE8 /* Sources */ = {
			isa = PBXSourcesBuildPhase;
			buildActionMask = 2147483647;
			files = (
				80C273AF29322AD60077FCE8 /* TezosHackerHouseUITests.swift in Sources */,
				80C273B129322AD60077FCE8 /* TezosHackerHouseUITestsLaunchTests.swift in Sources */,
			);
			runOnlyForDeploymentPostprocessing = 0;
		};
/* End PBXSourcesBuildPhase section */

/* Begin PBXTargetDependency section */
		80C273A229322AD60077FCE8 /* PBXTargetDependency */ = {
			isa = PBXTargetDependency;
			target = 80C2738929322AD30077FCE8 /* TezosHackerHouse */;
			targetProxy = 80C273A129322AD60077FCE8 /* PBXContainerItemProxy */;
		};
		80C273AC29322AD60077FCE8 /* PBXTargetDependency */ = {
			isa = PBXTargetDependency;
			target = 80C2738929322AD30077FCE8 /* TezosHackerHouse */;
			targetProxy = 80C273AB29322AD60077FCE8 /* PBXContainerItemProxy */;
		};
/* End PBXTargetDependency section */

/* Begin PBXVariantGroup section */
		80C2739329322AD30077FCE8 /* Main.storyboard */ = {
			isa = PBXVariantGroup;
			children = (
				80C2739429322AD30077FCE8 /* Base */,
			);
			name = Main.storyboard;
			sourceTree = "<group>";
		};
		80C2739829322AD50077FCE8 /* LaunchScreen.storyboard */ = {
			isa = PBXVariantGroup;
			children = (
				80C2739929322AD50077FCE8 /* Base */,
			);
			name = LaunchScreen.storyboard;
			sourceTree = "<group>";
		};
/* End PBXVariantGroup section */

/* Begin XCBuildConfiguration section */
		80C273B229322AD60077FCE8 /* Debug */ = {
			isa = XCBuildConfiguration;
			buildSettings = {
				ALWAYS_SEARCH_USER_PATHS = NO;
				CLANG_ANALYZER_NONNULL = YES;
				CLANG_ANALYZER_NUMBER_OBJECT_CONVERSION = YES_AGGRESSIVE;
				CLANG_CXX_LANGUAGE_STANDARD = "gnu++20";
				CLANG_ENABLE_MODULES = YES;
				CLANG_ENABLE_OBJC_ARC = YES;
				CLANG_ENABLE_OBJC_WEAK = YES;
				CLANG_WARN_BLOCK_CAPTURE_AUTORELEASING = YES;
				CLANG_WARN_BOOL_CONVERSION = YES;
				CLANG_WARN_COMMA = YES;
				CLANG_WARN_CONSTANT_CONVERSION = YES;
				CLANG_WARN_DEPRECATED_OBJC_IMPLEMENTATIONS = YES;
				CLANG_WARN_DIRECT_OBJC_ISA_USAGE = YES_ERROR;
				CLANG_WARN_DOCUMENTATION_COMMENTS = YES;
				CLANG_WARN_EMPTY_BODY = YES;
				CLANG_WARN_ENUM_CONVERSION = YES;
				CLANG_WARN_INFINITE_RECURSION = YES;
				CLANG_WARN_INT_CONVERSION = YES;
				CLANG_WARN_NON_LITERAL_NULL_CONVERSION = YES;
				CLANG_WARN_OBJC_IMPLICIT_RETAIN_SELF = YES;
				CLANG_WARN_OBJC_LITERAL_CONVERSION = YES;
				CLANG_WARN_OBJC_ROOT_CLASS = YES_ERROR;
				CLANG_WARN_QUOTED_INCLUDE_IN_FRAMEWORK_HEADER = YES;
				CLANG_WARN_RANGE_LOOP_ANALYSIS = YES;
				CLANG_WARN_STRICT_PROTOTYPES = YES;
				CLANG_WARN_SUSPICIOUS_MOVE = YES;
				CLANG_WARN_UNGUARDED_AVAILABILITY = YES_AGGRESSIVE;
				CLANG_WARN_UNREACHABLE_CODE = YES;
				CLANG_WARN__DUPLICATE_METHOD_MATCH = YES;
				COPY_PHASE_STRIP = NO;
				DEBUG_INFORMATION_FORMAT = dwarf;
				ENABLE_STRICT_OBJC_MSGSEND = YES;
				ENABLE_TESTABILITY = YES;
				GCC_C_LANGUAGE_STANDARD = gnu11;
				GCC_DYNAMIC_NO_PIC = NO;
				GCC_NO_COMMON_BLOCKS = YES;
				GCC_OPTIMIZATION_LEVEL = 0;
				GCC_PREPROCESSOR_DEFINITIONS = (
					"DEBUG=1",
					"$(inherited)",
				);
				GCC_WARN_64_TO_32_BIT_CONVERSION = YES;
				GCC_WARN_ABOUT_RETURN_TYPE = YES_ERROR;
				GCC_WARN_UNDECLARED_SELECTOR = YES;
				GCC_WARN_UNINITIALIZED_AUTOS = YES_AGGRESSIVE;
				GCC_WARN_UNUSED_FUNCTION = YES;
				GCC_WARN_UNUSED_VARIABLE = YES;
				IPHONEOS_DEPLOYMENT_TARGET = 16.1;
				MTL_ENABLE_DEBUG_INFO = INCLUDE_SOURCE;
				MTL_FAST_MATH = YES;
				ONLY_ACTIVE_ARCH = YES;
				SDKROOT = iphoneos;
				SWIFT_ACTIVE_COMPILATION_CONDITIONS = DEBUG;
				SWIFT_OPTIMIZATION_LEVEL = "-Onone";
			};
			name = Debug;
		};
		80C273B329322AD60077FCE8 /* Release */ = {
			isa = XCBuildConfiguration;
			buildSettings = {
				ALWAYS_SEARCH_USER_PATHS = NO;
				CLANG_ANALYZER_NONNULL = YES;
				CLANG_ANALYZER_NUMBER_OBJECT_CONVERSION = YES_AGGRESSIVE;
				CLANG_CXX_LANGUAGE_STANDARD = "gnu++20";
				CLANG_ENABLE_MODULES = YES;
				CLANG_ENABLE_OBJC_ARC = YES;
				CLANG_ENABLE_OBJC_WEAK = YES;
				CLANG_WARN_BLOCK_CAPTURE_AUTORELEASING = YES;
				CLANG_WARN_BOOL_CONVERSION = YES;
				CLANG_WARN_COMMA = YES;
				CLANG_WARN_CONSTANT_CONVERSION = YES;
				CLANG_WARN_DEPRECATED_OBJC_IMPLEMENTATIONS = YES;
				CLANG_WARN_DIRECT_OBJC_ISA_USAGE = YES_ERROR;
				CLANG_WARN_DOCUMENTATION_COMMENTS = YES;
				CLANG_WARN_EMPTY_BODY = YES;
				CLANG_WARN_ENUM_CONVERSION = YES;
				CLANG_WARN_INFINITE_RECURSION = YES;
				CLANG_WARN_INT_CONVERSION = YES;
				CLANG_WARN_NON_LITERAL_NULL_CONVERSION = YES;
				CLANG_WARN_OBJC_IMPLICIT_RETAIN_SELF = YES;
				CLANG_WARN_OBJC_LITERAL_CONVERSION = YES;
				CLANG_WARN_OBJC_ROOT_CLASS = YES_ERROR;
				CLANG_WARN_QUOTED_INCLUDE_IN_FRAMEWORK_HEADER = YES;
				CLANG_WARN_RANGE_LOOP_ANALYSIS = YES;
				CLANG_WARN_STRICT_PROTOTYPES = YES;
				CLANG_WARN_SUSPICIOUS_MOVE = YES;
				CLANG_WARN_UNGUARDED_AVAILABILITY = YES_AGGRESSIVE;
				CLANG_WARN_UNREACHABLE_CODE = YES;
				CLANG_WARN__DUPLICATE_METHOD_MATCH = YES;
				COPY_PHASE_STRIP = NO;
				DEBUG_INFORMATION_FORMAT = "dwarf-with-dsym";
				ENABLE_NS_ASSERTIONS = NO;
				ENABLE_STRICT_OBJC_MSGSEND = YES;
				GCC_C_LANGUAGE_STANDARD = gnu11;
				GCC_NO_COMMON_BLOCKS = YES;
				GCC_WARN_64_TO_32_BIT_CONVERSION = YES;
				GCC_WARN_ABOUT_RETURN_TYPE = YES_ERROR;
				GCC_WARN_UNDECLARED_SELECTOR = YES;
				GCC_WARN_UNINITIALIZED_AUTOS = YES_AGGRESSIVE;
				GCC_WARN_UNUSED_FUNCTION = YES;
				GCC_WARN_UNUSED_VARIABLE = YES;
				IPHONEOS_DEPLOYMENT_TARGET = 16.1;
				MTL_ENABLE_DEBUG_INFO = NO;
				MTL_FAST_MATH = YES;
				SDKROOT = iphoneos;
				SWIFT_COMPILATION_MODE = wholemodule;
				SWIFT_OPTIMIZATION_LEVEL = "-O";
				VALIDATE_PRODUCT = YES;
			};
			name = Release;
		};
		80C273B529322AD60077FCE8 /* Debug */ = {
			isa = XCBuildConfiguration;
			buildSettings = {
				ASSETCATALOG_COMPILER_APPICON_NAME = AppIcon;
				ASSETCATALOG_COMPILER_GLOBAL_ACCENT_COLOR_NAME = AccentColor;
				CODE_SIGN_STYLE = Automatic;
				CURRENT_PROJECT_VERSION = 1;
				DEVELOPMENT_TEAM = UEA5XWCYV3;
				GENERATE_INFOPLIST_FILE = YES;
				INFOPLIST_FILE = TezosHackerHouse/Info.plist;
				INFOPLIST_KEY_UIApplicationSupportsIndirectInputEvents = YES;
				INFOPLIST_KEY_UILaunchStoryboardName = LaunchScreen;
				INFOPLIST_KEY_UIMainStoryboardFile = Main;
				INFOPLIST_KEY_UISupportedInterfaceOrientations_iPad = "UIInterfaceOrientationPortrait UIInterfaceOrientationPortraitUpsideDown UIInterfaceOrientationLandscapeLeft UIInterfaceOrientationLandscapeRight";
				INFOPLIST_KEY_UISupportedInterfaceOrientations_iPhone = "UIInterfaceOrientationPortrait UIInterfaceOrientationLandscapeLeft UIInterfaceOrientationLandscapeRight";
				LD_RUNPATH_SEARCH_PATHS = (
					"$(inherited)",
					"@executable_path/Frameworks",
				);
				MARKETING_VERSION = 1.0;
				PRODUCT_BUNDLE_IDENTIFIER = com.christian.TezosHackerHouse;
				PRODUCT_NAME = "$(TARGET_NAME)";
				SWIFT_EMIT_LOC_STRINGS = YES;
				SWIFT_VERSION = 5.0;
				TARGETED_DEVICE_FAMILY = "1,2";
			};
			name = Debug;
		};
		80C273B629322AD60077FCE8 /* Release */ = {
			isa = XCBuildConfiguration;
			buildSettings = {
				ASSETCATALOG_COMPILER_APPICON_NAME = AppIcon;
				ASSETCATALOG_COMPILER_GLOBAL_ACCENT_COLOR_NAME = AccentColor;
				CODE_SIGN_STYLE = Automatic;
				CURRENT_PROJECT_VERSION = 1;
				DEVELOPMENT_TEAM = UEA5XWCYV3;
				GENERATE_INFOPLIST_FILE = YES;
				INFOPLIST_FILE = TezosHackerHouse/Info.plist;
				INFOPLIST_KEY_UIApplicationSupportsIndirectInputEvents = YES;
				INFOPLIST_KEY_UILaunchStoryboardName = LaunchScreen;
				INFOPLIST_KEY_UIMainStoryboardFile = Main;
				INFOPLIST_KEY_UISupportedInterfaceOrientations_iPad = "UIInterfaceOrientationPortrait UIInterfaceOrientationPortraitUpsideDown UIInterfaceOrientationLandscapeLeft UIInterfaceOrientationLandscapeRight";
				INFOPLIST_KEY_UISupportedInterfaceOrientations_iPhone = "UIInterfaceOrientationPortrait UIInterfaceOrientationLandscapeLeft UIInterfaceOrientationLandscapeRight";
				LD_RUNPATH_SEARCH_PATHS = (
					"$(inherited)",
					"@executable_path/Frameworks",
				);
				MARKETING_VERSION = 1.0;
				PRODUCT_BUNDLE_IDENTIFIER = com.christian.TezosHackerHouse;
				PRODUCT_NAME = "$(TARGET_NAME)";
				SWIFT_EMIT_LOC_STRINGS = YES;
				SWIFT_VERSION = 5.0;
				TARGETED_DEVICE_FAMILY = "1,2";
			};
			name = Release;
		};
		80C273B829322AD60077FCE8 /* Debug */ = {
			isa = XCBuildConfiguration;
			buildSettings = {
				ALWAYS_EMBED_SWIFT_STANDARD_LIBRARIES = YES;
				BUNDLE_LOADER = "$(TEST_HOST)";
				CODE_SIGN_STYLE = Automatic;
				CURRENT_PROJECT_VERSION = 1;
				DEVELOPMENT_TEAM = UEA5XWCYV3;
				GENERATE_INFOPLIST_FILE = YES;
				IPHONEOS_DEPLOYMENT_TARGET = 16.1;
				MARKETING_VERSION = 1.0;
				PRODUCT_BUNDLE_IDENTIFIER = com.christian.TezosHackerHouseTests;
				PRODUCT_NAME = "$(TARGET_NAME)";
				SWIFT_EMIT_LOC_STRINGS = NO;
				SWIFT_VERSION = 5.0;
				TARGETED_DEVICE_FAMILY = "1,2";
				TEST_HOST = "$(BUILT_PRODUCTS_DIR)/TezosHackerHouse.app/$(BUNDLE_EXECUTABLE_FOLDER_PATH)/TezosHackerHouse";
			};
			name = Debug;
		};
		80C273B929322AD60077FCE8 /* Release */ = {
			isa = XCBuildConfiguration;
			buildSettings = {
				ALWAYS_EMBED_SWIFT_STANDARD_LIBRARIES = YES;
				BUNDLE_LOADER = "$(TEST_HOST)";
				CODE_SIGN_STYLE = Automatic;
				CURRENT_PROJECT_VERSION = 1;
				DEVELOPMENT_TEAM = UEA5XWCYV3;
				GENERATE_INFOPLIST_FILE = YES;
				IPHONEOS_DEPLOYMENT_TARGET = 16.1;
				MARKETING_VERSION = 1.0;
				PRODUCT_BUNDLE_IDENTIFIER = com.christian.TezosHackerHouseTests;
				PRODUCT_NAME = "$(TARGET_NAME)";
				SWIFT_EMIT_LOC_STRINGS = NO;
				SWIFT_VERSION = 5.0;
				TARGETED_DEVICE_FAMILY = "1,2";
				TEST_HOST = "$(BUILT_PRODUCTS_DIR)/TezosHackerHouse.app/$(BUNDLE_EXECUTABLE_FOLDER_PATH)/TezosHackerHouse";
			};
			name = Release;
		};
		80C273BB29322AD60077FCE8 /* Debug */ = {
			isa = XCBuildConfiguration;
			buildSettings = {
				ALWAYS_EMBED_SWIFT_STANDARD_LIBRARIES = YES;
				CODE_SIGN_STYLE = Automatic;
				CURRENT_PROJECT_VERSION = 1;
				DEVELOPMENT_TEAM = UEA5XWCYV3;
				GENERATE_INFOPLIST_FILE = YES;
				MARKETING_VERSION = 1.0;
				PRODUCT_BUNDLE_IDENTIFIER = com.christian.TezosHackerHouseUITests;
				PRODUCT_NAME = "$(TARGET_NAME)";
				SWIFT_EMIT_LOC_STRINGS = NO;
				SWIFT_VERSION = 5.0;
				TARGETED_DEVICE_FAMILY = "1,2";
				TEST_TARGET_NAME = TezosHackerHouse;
			};
			name = Debug;
		};
		80C273BC29322AD60077FCE8 /* Release */ = {
			isa = XCBuildConfiguration;
			buildSettings = {
				ALWAYS_EMBED_SWIFT_STANDARD_LIBRARIES = YES;
				CODE_SIGN_STYLE = Automatic;
				CURRENT_PROJECT_VERSION = 1;
				DEVELOPMENT_TEAM = UEA5XWCYV3;
				GENERATE_INFOPLIST_FILE = YES;
				MARKETING_VERSION = 1.0;
				PRODUCT_BUNDLE_IDENTIFIER = com.christian.TezosHackerHouseUITests;
				PRODUCT_NAME = "$(TARGET_NAME)";
				SWIFT_EMIT_LOC_STRINGS = NO;
				SWIFT_VERSION = 5.0;
				TARGETED_DEVICE_FAMILY = "1,2";
				TEST_TARGET_NAME = TezosHackerHouse;
			};
			name = Release;
		};
/* End XCBuildConfiguration section */

/* Begin XCConfigurationList section */
		80C2738529322AD30077FCE8 /* Build configuration list for PBXProject "TezosHackerHouse" */ = {
			isa = XCConfigurationList;
			buildConfigurations = (
				80C273B229322AD60077FCE8 /* Debug */,
				80C273B329322AD60077FCE8 /* Release */,
			);
			defaultConfigurationIsVisible = 0;
			defaultConfigurationName = Release;
		};
		80C273B429322AD60077FCE8 /* Build configuration list for PBXNativeTarget "TezosHackerHouse" */ = {
			isa = XCConfigurationList;
			buildConfigurations = (
				80C273B529322AD60077FCE8 /* Debug */,
				80C273B629322AD60077FCE8 /* Release */,
			);
			defaultConfigurationIsVisible = 0;
			defaultConfigurationName = Release;
		};
		80C273B729322AD60077FCE8 /* Build configuration list for PBXNativeTarget "TezosHackerHouseTests" */ = {
			isa = XCConfigurationList;
			buildConfigurations = (
				80C273B829322AD60077FCE8 /* Debug */,
				80C273B929322AD60077FCE8 /* Release */,
			);
			defaultConfigurationIsVisible = 0;
			defaultConfigurationName = Release;
		};
		80C273BA29322AD60077FCE8 /* Build configuration list for PBXNativeTarget "TezosHackerHouseUITests" */ = {
			isa = XCConfigurationList;
			buildConfigurations = (
				80C273BB29322AD60077FCE8 /* Debug */,
				80C273BC29322AD60077FCE8 /* Release */,
			);
			defaultConfigurationIsVisible = 0;
			defaultConfigurationName = Release;
		};
/* End XCConfigurationList section */
	};
	rootObject = 80C2738229322AD30077FCE8 /* Project object */;
}
