// !$*UTF8*$!
{
	archiveVersion = 1;
	classes = {
	};
	objectVersion = 56;
	objects = {

/* Begin PBXBuildFile section */
		80C2734D293122720077FCE8 /* AppDelegate.swift in Sources */ = {isa = PBXBuildFile; fileRef = 80C2734C293122720077FCE8 /* AppDelegate.swift */; };
		80C2734F293122720077FCE8 /* ViewController.swift in Sources */ = {isa = PBXBuildFile; fileRef = 80C2734E293122720077FCE8 /* ViewController.swift */; };
		80C27351293122720077FCE8 /* Experience.rcproject in Sources */ = {isa = PBXBuildFile; fileRef = 80C27350293122720077FCE8 /* Experience.rcproject */; };
		80C27354293122720077FCE8 /* Main.storyboard in Resources */ = {isa = PBXBuildFile; fileRef = 80C27352293122720077FCE8 /* Main.storyboard */; };
		80C27356293122740077FCE8 /* Assets.xcassets in Resources */ = {isa = PBXBuildFile; fileRef = 80C27355293122740077FCE8 /* Assets.xcassets */; };
		80C27359293122740077FCE8 /* LaunchScreen.storyboard in Resources */ = {isa = PBXBuildFile; fileRef = 80C27357293122740077FCE8 /* LaunchScreen.storyboard */; };
		80C27363293122750077FCE8 /* TezosHackrHausTests.swift in Sources */ = {isa = PBXBuildFile; fileRef = 80C27362293122750077FCE8 /* TezosHackrHausTests.swift */; };
		80C2736D293122750077FCE8 /* TezosHackrHausUITests.swift in Sources */ = {isa = PBXBuildFile; fileRef = 80C2736C293122750077FCE8 /* TezosHackrHausUITests.swift */; };
		80C2736F293122750077FCE8 /* TezosHackrHausUITestsLaunchTests.swift in Sources */ = {isa = PBXBuildFile; fileRef = 80C2736E293122750077FCE8 /* TezosHackrHausUITestsLaunchTests.swift */; };
/* End PBXBuildFile section */

/* Begin PBXContainerItemProxy section */
		80C2735F293122750077FCE8 /* PBXContainerItemProxy */ = {
			isa = PBXContainerItemProxy;
			containerPortal = 80C27341293122720077FCE8 /* Project object */;
			proxyType = 1;
			remoteGlobalIDString = 80C27348293122720077FCE8;
			remoteInfo = TezosHackrHaus;
		};
		80C27369293122750077FCE8 /* PBXContainerItemProxy */ = {
			isa = PBXContainerItemProxy;
			containerPortal = 80C27341293122720077FCE8 /* Project object */;
			proxyType = 1;
			remoteGlobalIDString = 80C27348293122720077FCE8;
			remoteInfo = TezosHackrHaus;
		};
/* End PBXContainerItemProxy section */

/* Begin PBXFileReference section */
		80C27349293122720077FCE8 /* TezosHackrHaus.app */ = {isa = PBXFileReference; explicitFileType = wrapper.application; includeInIndex = 0; path = TezosHackrHaus.app; sourceTree = BUILT_PRODUCTS_DIR; };
		80C2734C293122720077FCE8 /* AppDelegate.swift */ = {isa = PBXFileReference; lastKnownFileType = sourcecode.swift; path = AppDelegate.swift; sourceTree = "<group>"; };
		80C2734E293122720077FCE8 /* ViewController.swift */ = {isa = PBXFileReference; lastKnownFileType = sourcecode.swift; path = ViewController.swift; sourceTree = "<group>"; };
		80C27350293122720077FCE8 /* Experience.rcproject */ = {isa = PBXFileReference; lastKnownFileType = file.rcproject; path = Experience.rcproject; sourceTree = "<group>"; };
		80C27353293122720077FCE8 /* Base */ = {isa = PBXFileReference; lastKnownFileType = file.storyboard; name = Base; path = Base.lproj/Main.storyboard; sourceTree = "<group>"; };
		80C27355293122740077FCE8 /* Assets.xcassets */ = {isa = PBXFileReference; lastKnownFileType = folder.assetcatalog; path = Assets.xcassets; sourceTree = "<group>"; };
		80C27358293122740077FCE8 /* Base */ = {isa = PBXFileReference; lastKnownFileType = file.storyboard; name = Base; path = Base.lproj/LaunchScreen.storyboard; sourceTree = "<group>"; };
		80C2735E293122750077FCE8 /* TezosHackrHausTests.xctest */ = {isa = PBXFileReference; explicitFileType = wrapper.cfbundle; includeInIndex = 0; path = TezosHackrHausTests.xctest; sourceTree = BUILT_PRODUCTS_DIR; };
		80C27362293122750077FCE8 /* TezosHackrHausTests.swift */ = {isa = PBXFileReference; lastKnownFileType = sourcecode.swift; path = TezosHackrHausTests.swift; sourceTree = "<group>"; };
		80C27368293122750077FCE8 /* TezosHackrHausUITests.xctest */ = {isa = PBXFileReference; explicitFileType = wrapper.cfbundle; includeInIndex = 0; path = TezosHackrHausUITests.xctest; sourceTree = BUILT_PRODUCTS_DIR; };
		80C2736C293122750077FCE8 /* TezosHackrHausUITests.swift */ = {isa = PBXFileReference; lastKnownFileType = sourcecode.swift; path = TezosHackrHausUITests.swift; sourceTree = "<group>"; };
		80C2736E293122750077FCE8 /* TezosHackrHausUITestsLaunchTests.swift */ = {isa = PBXFileReference; lastKnownFileType = sourcecode.swift; path = TezosHackrHausUITestsLaunchTests.swift; sourceTree = "<group>"; };
/* End PBXFileReference section */

/* Begin PBXFrameworksBuildPhase section */
		80C27346293122720077FCE8 /* Frameworks */ = {
			isa = PBXFrameworksBuildPhase;
			buildActionMask = 2147483647;
			files = (
			);
			runOnlyForDeploymentPostprocessing = 0;
		};
		80C2735B293122750077FCE8 /* Frameworks */ = {
			isa = PBXFrameworksBuildPhase;
			buildActionMask = 2147483647;
			files = (
			);
			runOnlyForDeploymentPostprocessing = 0;
		};
		80C27365293122750077FCE8 /* Frameworks */ = {
			isa = PBXFrameworksBuildPhase;
			buildActionMask = 2147483647;
			files = (
			);
			runOnlyForDeploymentPostprocessing = 0;
		};
/* End PBXFrameworksBuildPhase section */

/* Begin PBXGroup section */
		80C27340293122720077FCE8 = {
			isa = PBXGroup;
			children = (
				80C2734B293122720077FCE8 /* TezosHackrHaus */,
				80C27361293122750077FCE8 /* TezosHackrHausTests */,
				80C2736B293122750077FCE8 /* TezosHackrHausUITests */,
				80C2734A293122720077FCE8 /* Products */,
			);
			sourceTree = "<group>";
		};
		80C2734A293122720077FCE8 /* Products */ = {
			isa = PBXGroup;
			children = (
				80C27349293122720077FCE8 /* TezosHackrHaus.app */,
				80C2735E293122750077FCE8 /* TezosHackrHausTests.xctest */,
				80C27368293122750077FCE8 /* TezosHackrHausUITests.xctest */,
			);
			name = Products;
			sourceTree = "<group>";
		};
		80C2734B293122720077FCE8 /* TezosHackrHaus */ = {
			isa = PBXGroup;
			children = (
				80C2734C293122720077FCE8 /* AppDelegate.swift */,
				80C2734E293122720077FCE8 /* ViewController.swift */,
				80C27350293122720077FCE8 /* Experience.rcproject */,
				80C27352293122720077FCE8 /* Main.storyboard */,
				80C27355293122740077FCE8 /* Assets.xcassets */,
				80C27357293122740077FCE8 /* LaunchScreen.storyboard */,
			);
			path = TezosHackrHaus;
			sourceTree = "<group>";
		};
		80C27361293122750077FCE8 /* TezosHackrHausTests */ = {
			isa = PBXGroup;
			children = (
				80C27362293122750077FCE8 /* TezosHackrHausTests.swift */,
			);
			path = TezosHackrHausTests;
			sourceTree = "<group>";
		};
		80C2736B293122750077FCE8 /* TezosHackrHausUITests */ = {
			isa = PBXGroup;
			children = (
				80C2736C293122750077FCE8 /* TezosHackrHausUITests.swift */,
				80C2736E293122750077FCE8 /* TezosHackrHausUITestsLaunchTests.swift */,
			);
			path = TezosHackrHausUITests;
			sourceTree = "<group>";
		};
/* End PBXGroup section */

/* Begin PBXNativeTarget section */
		80C27348293122720077FCE8 /* TezosHackrHaus */ = {
			isa = PBXNativeTarget;
			buildConfigurationList = 80C27372293122750077FCE8 /* Build configuration list for PBXNativeTarget "TezosHackrHaus" */;
			buildPhases = (
				80C27345293122720077FCE8 /* Sources */,
				80C27346293122720077FCE8 /* Frameworks */,
				80C27347293122720077FCE8 /* Resources */,
			);
			buildRules = (
			);
			dependencies = (
			);
			name = TezosHackrHaus;
			productName = TezosHackrHaus;
			productReference = 80C27349293122720077FCE8 /* TezosHackrHaus.app */;
			productType = "com.apple.product-type.application";
		};
		80C2735D293122750077FCE8 /* TezosHackrHausTests */ = {
			isa = PBXNativeTarget;
			buildConfigurationList = 80C27375293122750077FCE8 /* Build configuration list for PBXNativeTarget "TezosHackrHausTests" */;
			buildPhases = (
				80C2735A293122750077FCE8 /* Sources */,
				80C2735B293122750077FCE8 /* Frameworks */,
				80C2735C293122750077FCE8 /* Resources */,
			);
			buildRules = (
			);
			dependencies = (
				80C27360293122750077FCE8 /* PBXTargetDependency */,
			);
			name = TezosHackrHausTests;
			productName = TezosHackrHausTests;
			productReference = 80C2735E293122750077FCE8 /* TezosHackrHausTests.xctest */;
			productType = "com.apple.product-type.bundle.unit-test";
		};
		80C27367293122750077FCE8 /* TezosHackrHausUITests */ = {
			isa = PBXNativeTarget;
			buildConfigurationList = 80C27378293122750077FCE8 /* Build configuration list for PBXNativeTarget "TezosHackrHausUITests" */;
			buildPhases = (
				80C27364293122750077FCE8 /* Sources */,
				80C27365293122750077FCE8 /* Frameworks */,
				80C27366293122750077FCE8 /* Resources */,
			);
			buildRules = (
			);
			dependencies = (
				80C2736A293122750077FCE8 /* PBXTargetDependency */,
			);
			name = TezosHackrHausUITests;
			productName = TezosHackrHausUITests;
			productReference = 80C27368293122750077FCE8 /* TezosHackrHausUITests.xctest */;
			productType = "com.apple.product-type.bundle.ui-testing";
		};
/* End PBXNativeTarget section */

/* Begin PBXProject section */
		80C27341293122720077FCE8 /* Project object */ = {
			isa = PBXProject;
			attributes = {
				BuildIndependentTargetsInParallel = 1;
				LastSwiftUpdateCheck = 1410;
				LastUpgradeCheck = 1410;
				TargetAttributes = {
					80C27348293122720077FCE8 = {
						CreatedOnToolsVersion = 14.1;
					};
					80C2735D293122750077FCE8 = {
						CreatedOnToolsVersion = 14.1;
						TestTargetID = 80C27348293122720077FCE8;
					};
					80C27367293122750077FCE8 = {
						CreatedOnToolsVersion = 14.1;
						TestTargetID = 80C27348293122720077FCE8;
					};
				};
			};
			buildConfigurationList = 80C27344293122720077FCE8 /* Build configuration list for PBXProject "TezosHackrHaus" */;
			compatibilityVersion = "Xcode 14.0";
			developmentRegion = en;
			hasScannedForEncodings = 0;
			knownRegions = (
				en,
				Base,
			);
			mainGroup = 80C27340293122720077FCE8;
			productRefGroup = 80C2734A293122720077FCE8 /* Products */;
			projectDirPath = "";
			projectRoot = "";
			targets = (
				80C27348293122720077FCE8 /* TezosHackrHaus */,
				80C2735D293122750077FCE8 /* TezosHackrHausTests */,
				80C27367293122750077FCE8 /* TezosHackrHausUITests */,
			);
		};
/* End PBXProject section */

/* Begin PBXResourcesBuildPhase section */
		80C27347293122720077FCE8 /* Resources */ = {
			isa = PBXResourcesBuildPhase;
			buildActionMask = 2147483647;
			files = (
				80C27359293122740077FCE8 /* LaunchScreen.storyboard in Resources */,
				80C27356293122740077FCE8 /* Assets.xcassets in Resources */,
				80C27354293122720077FCE8 /* Main.storyboard in Resources */,
			);
			runOnlyForDeploymentPostprocessing = 0;
		};
		80C2735C293122750077FCE8 /* Resources */ = {
			isa = PBXResourcesBuildPhase;
			buildActionMask = 2147483647;
			files = (
			);
			runOnlyForDeploymentPostprocessing = 0;
		};
		80C27366293122750077FCE8 /* Resources */ = {
			isa = PBXResourcesBuildPhase;
			buildActionMask = 2147483647;
			files = (
			);
			runOnlyForDeploymentPostprocessing = 0;
		};
/* End PBXResourcesBuildPhase section */

/* Begin PBXSourcesBuildPhase section */
		80C27345293122720077FCE8 /* Sources */ = {
			isa = PBXSourcesBuildPhase;
			buildActionMask = 2147483647;
			files = (
				80C2734F293122720077FCE8 /* ViewController.swift in Sources */,
				80C2734D293122720077FCE8 /* AppDelegate.swift in Sources */,
				80C27351293122720077FCE8 /* Experience.rcproject in Sources */,
			);
			runOnlyForDeploymentPostprocessing = 0;
		};
		80C2735A293122750077FCE8 /* Sources */ = {
			isa = PBXSourcesBuildPhase;
			buildActionMask = 2147483647;
			files = (
				80C27363293122750077FCE8 /* TezosHackrHausTests.swift in Sources */,
			);
			runOnlyForDeploymentPostprocessing = 0;
		};
		80C27364293122750077FCE8 /* Sources */ = {
			isa = PBXSourcesBuildPhase;
			buildActionMask = 2147483647;
			files = (
				80C2736D293122750077FCE8 /* TezosHackrHausUITests.swift in Sources */,
				80C2736F293122750077FCE8 /* TezosHackrHausUITestsLaunchTests.swift in Sources */,
			);
			runOnlyForDeploymentPostprocessing = 0;
		};
/* End PBXSourcesBuildPhase section */

/* Begin PBXTargetDependency section */
		80C27360293122750077FCE8 /* PBXTargetDependency */ = {
			isa = PBXTargetDependency;
			target = 80C27348293122720077FCE8 /* TezosHackrHaus */;
			targetProxy = 80C2735F293122750077FCE8 /* PBXContainerItemProxy */;
		};
		80C2736A293122750077FCE8 /* PBXTargetDependency */ = {
			isa = PBXTargetDependency;
			target = 80C27348293122720077FCE8 /* TezosHackrHaus */;
			targetProxy = 80C27369293122750077FCE8 /* PBXContainerItemProxy */;
		};
/* End PBXTargetDependency section */

/* Begin PBXVariantGroup section */
		80C27352293122720077FCE8 /* Main.storyboard */ = {
			isa = PBXVariantGroup;
			children = (
				80C27353293122720077FCE8 /* Base */,
			);
			name = Main.storyboard;
			sourceTree = "<group>";
		};
		80C27357293122740077FCE8 /* LaunchScreen.storyboard */ = {
			isa = PBXVariantGroup;
			children = (
				80C27358293122740077FCE8 /* Base */,
			);
			name = LaunchScreen.storyboard;
			sourceTree = "<group>";
		};
/* End PBXVariantGroup section */

/* Begin XCBuildConfiguration section */
		80C27370293122750077FCE8 /* Debug */ = {
			isa = XCBuildConfiguration;
			buildSettings = {
				ALWAYS_SEARCH_USER_PATHS = NO;
				CLANG_ANALYZER_NONNULL = YES;
				CLANG_ANALYZER_NUMBER_OBJECT_CONVERSION = YES_AGGRESSIVE;
				CLANG_CXX_LANGUAGE_STANDARD = "gnu++20";
				CLANG_ENABLE_MODULES = YES;
				CLANG_ENABLE_OBJC_ARC = YES;
				CLANG_ENABLE_OBJC_WEAK = YES;
				CLANG_WARN_BLOCK_CAPTURE_AUTORELEASING = YES;
				CLANG_WARN_BOOL_CONVERSION = YES;
				CLANG_WARN_COMMA = YES;
				CLANG_WARN_CONSTANT_CONVERSION = YES;
				CLANG_WARN_DEPRECATED_OBJC_IMPLEMENTATIONS = YES;
				CLANG_WARN_DIRECT_OBJC_ISA_USAGE = YES_ERROR;
				CLANG_WARN_DOCUMENTATION_COMMENTS = YES;
				CLANG_WARN_EMPTY_BODY = YES;
				CLANG_WARN_ENUM_CONVERSION = YES;
				CLANG_WARN_INFINITE_RECURSION = YES;
				CLANG_WARN_INT_CONVERSION = YES;
				CLANG_WARN_NON_LITERAL_NULL_CONVERSION = YES;
				CLANG_WARN_OBJC_IMPLICIT_RETAIN_SELF = YES;
				CLANG_WARN_OBJC_LITERAL_CONVERSION = YES;
				CLANG_WARN_OBJC_ROOT_CLASS = YES_ERROR;
				CLANG_WARN_QUOTED_INCLUDE_IN_FRAMEWORK_HEADER = YES;
				CLANG_WARN_RANGE_LOOP_ANALYSIS = YES;
				CLANG_WARN_STRICT_PROTOTYPES = YES;
				CLANG_WARN_SUSPICIOUS_MOVE = YES;
				CLANG_WARN_UNGUARDED_AVAILABILITY = YES_AGGRESSIVE;
				CLANG_WARN_UNREACHABLE_CODE = YES;
				CLANG_WARN__DUPLICATE_METHOD_MATCH = YES;
				COPY_PHASE_STRIP = NO;
				DEBUG_INFORMATION_FORMAT = dwarf;
				ENABLE_STRICT_OBJC_MSGSEND = YES;
				ENABLE_TESTABILITY = YES;
				GCC_C_LANGUAGE_STANDARD = gnu11;
				GCC_DYNAMIC_NO_PIC = NO;
				GCC_NO_COMMON_BLOCKS = YES;
				GCC_OPTIMIZATION_LEVEL = 0;
				GCC_PREPROCESSOR_DEFINITIONS = (
					"DEBUG=1",
					"$(inherited)",
				);
				GCC_WARN_64_TO_32_BIT_CONVERSION = YES;
				GCC_WARN_ABOUT_RETURN_TYPE = YES_ERROR;
				GCC_WARN_UNDECLARED_SELECTOR = YES;
				GCC_WARN_UNINITIALIZED_AUTOS = YES_AGGRESSIVE;
				GCC_WARN_UNUSED_FUNCTION = YES;
				GCC_WARN_UNUSED_VARIABLE = YES;
				IPHONEOS_DEPLOYMENT_TARGET = 16.1;
				MTL_ENABLE_DEBUG_INFO = INCLUDE_SOURCE;
				MTL_FAST_MATH = YES;
				ONLY_ACTIVE_ARCH = YES;
				SDKROOT = iphoneos;
				SWIFT_ACTIVE_COMPILATION_CONDITIONS = DEBUG;
				SWIFT_OPTIMIZATION_LEVEL = "-Onone";
			};
			name = Debug;
		};
		80C27371293122750077FCE8 /* Release */ = {
			isa = XCBuildConfiguration;
			buildSettings = {
				ALWAYS_SEARCH_USER_PATHS = NO;
				CLANG_ANALYZER_NONNULL = YES;
				CLANG_ANALYZER_NUMBER_OBJECT_CONVERSION = YES_AGGRESSIVE;
				CLANG_CXX_LANGUAGE_STANDARD = "gnu++20";
				CLANG_ENABLE_MODULES = YES;
				CLANG_ENABLE_OBJC_ARC = YES;
				CLANG_ENABLE_OBJC_WEAK = YES;
				CLANG_WARN_BLOCK_CAPTURE_AUTORELEASING = YES;
				CLANG_WARN_BOOL_CONVERSION = YES;
				CLANG_WARN_COMMA = YES;
				CLANG_WARN_CONSTANT_CONVERSION = YES;
				CLANG_WARN_DEPRECATED_OBJC_IMPLEMENTATIONS = YES;
				CLANG_WARN_DIRECT_OBJC_ISA_USAGE = YES_ERROR;
				CLANG_WARN_DOCUMENTATION_COMMENTS = YES;
				CLANG_WARN_EMPTY_BODY = YES;
				CLANG_WARN_ENUM_CONVERSION = YES;
				CLANG_WARN_INFINITE_RECURSION = YES;
				CLANG_WARN_INT_CONVERSION = YES;
				CLANG_WARN_NON_LITERAL_NULL_CONVERSION = YES;
				CLANG_WARN_OBJC_IMPLICIT_RETAIN_SELF = YES;
				CLANG_WARN_OBJC_LITERAL_CONVERSION = YES;
				CLANG_WARN_OBJC_ROOT_CLASS = YES_ERROR;
				CLANG_WARN_QUOTED_INCLUDE_IN_FRAMEWORK_HEADER = YES;
				CLANG_WARN_RANGE_LOOP_ANALYSIS = YES;
				CLANG_WARN_STRICT_PROTOTYPES = YES;
				CLANG_WARN_SUSPICIOUS_MOVE = YES;
				CLANG_WARN_UNGUARDED_AVAILABILITY = YES_AGGRESSIVE;
				CLANG_WARN_UNREACHABLE_CODE = YES;
				CLANG_WARN__DUPLICATE_METHOD_MATCH = YES;
				COPY_PHASE_STRIP = NO;
				DEBUG_INFORMATION_FORMAT = "dwarf-with-dsym";
				ENABLE_NS_ASSERTIONS = NO;
				ENABLE_STRICT_OBJC_MSGSEND = YES;
				GCC_C_LANGUAGE_STANDARD = gnu11;
				GCC_NO_COMMON_BLOCKS = YES;
				GCC_WARN_64_TO_32_BIT_CONVERSION = YES;
				GCC_WARN_ABOUT_RETURN_TYPE = YES_ERROR;
				GCC_WARN_UNDECLARED_SELECTOR = YES;
				GCC_WARN_UNINITIALIZED_AUTOS = YES_AGGRESSIVE;
				GCC_WARN_UNUSED_FUNCTION = YES;
				GCC_WARN_UNUSED_VARIABLE = YES;
				IPHONEOS_DEPLOYMENT_TARGET = 16.1;
				MTL_ENABLE_DEBUG_INFO = NO;
				MTL_FAST_MATH = YES;
				SDKROOT = iphoneos;
				SWIFT_COMPILATION_MODE = wholemodule;
				SWIFT_OPTIMIZATION_LEVEL = "-O";
				VALIDATE_PRODUCT = YES;
			};
			name = Release;
		};
		80C27373293122750077FCE8 /* Debug */ = {
			isa = XCBuildConfiguration;
			buildSettings = {
				ASSETCATALOG_COMPILER_APPICON_NAME = AppIcon;
				ASSETCATALOG_COMPILER_GLOBAL_ACCENT_COLOR_NAME = AccentColor;
				CODE_SIGN_STYLE = Automatic;
				CURRENT_PROJECT_VERSION = 1;
				DEVELOPMENT_TEAM = UEA5XWCYV3;
				GENERATE_INFOPLIST_FILE = YES;
				INFOPLIST_KEY_NSCameraUsageDescription = "";
				INFOPLIST_KEY_UIApplicationSupportsIndirectInputEvents = YES;
				INFOPLIST_KEY_UILaunchStoryboardName = LaunchScreen;
				INFOPLIST_KEY_UIMainStoryboardFile = Main;
				INFOPLIST_KEY_UIRequiredDeviceCapabilities = arkit;
				INFOPLIST_KEY_UIStatusBarHidden = YES;
				INFOPLIST_KEY_UISupportedInterfaceOrientations_iPad = "UIInterfaceOrientationPortrait UIInterfaceOrientationPortraitUpsideDown UIInterfaceOrientationLandscapeLeft UIInterfaceOrientationLandscapeRight";
				INFOPLIST_KEY_UISupportedInterfaceOrientations_iPhone = "UIInterfaceOrientationPortrait UIInterfaceOrientationLandscapeLeft UIInterfaceOrientationLandscapeRight";
				LD_RUNPATH_SEARCH_PATHS = (
					"$(inherited)",
					"@executable_path/Frameworks",
				);
				MARKETING_VERSION = 1.0;
				PRODUCT_BUNDLE_IDENTIFIER = com.christian.TezosHackrHaus;
				PRODUCT_NAME = "$(TARGET_NAME)";
				SWIFT_EMIT_LOC_STRINGS = YES;
				SWIFT_VERSION = 5.0;
				TARGETED_DEVICE_FAMILY = "1,2";
			};
			name = Debug;
		};
		80C27374293122750077FCE8 /* Release */ = {
			isa = XCBuildConfiguration;
			buildSettings = {
				ASSETCATALOG_COMPILER_APPICON_NAME = AppIcon;
				ASSETCATALOG_COMPILER_GLOBAL_ACCENT_COLOR_NAME = AccentColor;
				CODE_SIGN_STYLE = Automatic;
				CURRENT_PROJECT_VERSION = 1;
				DEVELOPMENT_TEAM = UEA5XWCYV3;
				GENERATE_INFOPLIST_FILE = YES;
				INFOPLIST_KEY_NSCameraUsageDescription = "";
				INFOPLIST_KEY_UIApplicationSupportsIndirectInputEvents = YES;
				INFOPLIST_KEY_UILaunchStoryboardName = LaunchScreen;
				INFOPLIST_KEY_UIMainStoryboardFile = Main;
				INFOPLIST_KEY_UIRequiredDeviceCapabilities = arkit;
				INFOPLIST_KEY_UIStatusBarHidden = YES;
				INFOPLIST_KEY_UISupportedInterfaceOrientations_iPad = "UIInterfaceOrientationPortrait UIInterfaceOrientationPortraitUpsideDown UIInterfaceOrientationLandscapeLeft UIInterfaceOrientationLandscapeRight";
				INFOPLIST_KEY_UISupportedInterfaceOrientations_iPhone = "UIInterfaceOrientationPortrait UIInterfaceOrientationLandscapeLeft UIInterfaceOrientationLandscapeRight";
				LD_RUNPATH_SEARCH_PATHS = (
					"$(inherited)",
					"@executable_path/Frameworks",
				);
				MARKETING_VERSION = 1.0;
				PRODUCT_BUNDLE_IDENTIFIER = com.christian.TezosHackrHaus;
				PRODUCT_NAME = "$(TARGET_NAME)";
				SWIFT_EMIT_LOC_STRINGS = YES;
				SWIFT_VERSION = 5.0;
				TARGETED_DEVICE_FAMILY = "1,2";
			};
			name = Release;
		};
		80C27376293122750077FCE8 /* Debug */ = {
			isa = XCBuildConfiguration;
			buildSettings = {
				ALWAYS_EMBED_SWIFT_STANDARD_LIBRARIES = YES;
				BUNDLE_LOADER = "$(TEST_HOST)";
				CODE_SIGN_STYLE = Automatic;
				CURRENT_PROJECT_VERSION = 1;
				DEVELOPMENT_TEAM = UEA5XWCYV3;
				GENERATE_INFOPLIST_FILE = YES;
				IPHONEOS_DEPLOYMENT_TARGET = 16.1;
				MARKETING_VERSION = 1.0;
				PRODUCT_BUNDLE_IDENTIFIER = com.christian.TezosHackrHausTests;
				PRODUCT_NAME = "$(TARGET_NAME)";
				SWIFT_EMIT_LOC_STRINGS = NO;
				SWIFT_VERSION = 5.0;
				TARGETED_DEVICE_FAMILY = "1,2";
				TEST_HOST = "$(BUILT_PRODUCTS_DIR)/TezosHackrHaus.app/$(BUNDLE_EXECUTABLE_FOLDER_PATH)/TezosHackrHaus";
			};
			name = Debug;
		};
		80C27377293122750077FCE8 /* Release */ = {
			isa = XCBuildConfiguration;
			buildSettings = {
				ALWAYS_EMBED_SWIFT_STANDARD_LIBRARIES = YES;
				BUNDLE_LOADER = "$(TEST_HOST)";
				CODE_SIGN_STYLE = Automatic;
				CURRENT_PROJECT_VERSION = 1;
				DEVELOPMENT_TEAM = UEA5XWCYV3;
				GENERATE_INFOPLIST_FILE = YES;
				IPHONEOS_DEPLOYMENT_TARGET = 16.1;
				MARKETING_VERSION = 1.0;
				PRODUCT_BUNDLE_IDENTIFIER = com.christian.TezosHackrHausTests;
				PRODUCT_NAME = "$(TARGET_NAME)";
				SWIFT_EMIT_LOC_STRINGS = NO;
				SWIFT_VERSION = 5.0;
				TARGETED_DEVICE_FAMILY = "1,2";
				TEST_HOST = "$(BUILT_PRODUCTS_DIR)/TezosHackrHaus.app/$(BUNDLE_EXECUTABLE_FOLDER_PATH)/TezosHackrHaus";
			};
			name = Release;
		};
		80C27379293122750077FCE8 /* Debug */ = {
			isa = XCBuildConfiguration;
			buildSettings = {
				ALWAYS_EMBED_SWIFT_STANDARD_LIBRARIES = YES;
				CODE_SIGN_STYLE = Automatic;
				CURRENT_PROJECT_VERSION = 1;
				DEVELOPMENT_TEAM = UEA5XWCYV3;
				GENERATE_INFOPLIST_FILE = YES;
				MARKETING_VERSION = 1.0;
				PRODUCT_BUNDLE_IDENTIFIER = com.christian.TezosHackrHausUITests;
				PRODUCT_NAME = "$(TARGET_NAME)";
				SWIFT_EMIT_LOC_STRINGS = NO;
				SWIFT_VERSION = 5.0;
				TARGETED_DEVICE_FAMILY = "1,2";
				TEST_TARGET_NAME = TezosHackrHaus;
			};
			name = Debug;
		};
		80C2737A293122750077FCE8 /* Release */ = {
			isa = XCBuildConfiguration;
			buildSettings = {
				ALWAYS_EMBED_SWIFT_STANDARD_LIBRARIES = YES;
				CODE_SIGN_STYLE = Automatic;
				CURRENT_PROJECT_VERSION = 1;
				DEVELOPMENT_TEAM = UEA5XWCYV3;
				GENERATE_INFOPLIST_FILE = YES;
				MARKETING_VERSION = 1.0;
				PRODUCT_BUNDLE_IDENTIFIER = com.christian.TezosHackrHausUITests;
				PRODUCT_NAME = "$(TARGET_NAME)";
				SWIFT_EMIT_LOC_STRINGS = NO;
				SWIFT_VERSION = 5.0;
				TARGETED_DEVICE_FAMILY = "1,2";
				TEST_TARGET_NAME = TezosHackrHaus;
			};
			name = Release;
		};
/* End XCBuildConfiguration section */

/* Begin XCConfigurationList section */
		80C27344293122720077FCE8 /* Build configuration list for PBXProject "TezosHackrHaus" */ = {
			isa = XCConfigurationList;
			buildConfigurations = (
				80C27370293122750077FCE8 /* Debug */,
				80C27371293122750077FCE8 /* Release */,
			);
			defaultConfigurationIsVisible = 0;
			defaultConfigurationName = Release;
		};
		80C27372293122750077FCE8 /* Build configuration list for PBXNativeTarget "TezosHackrHaus" */ = {
			isa = XCConfigurationList;
			buildConfigurations = (
				80C27373293122750077FCE8 /* Debug */,
				80C27374293122750077FCE8 /* Release */,
			);
			defaultConfigurationIsVisible = 0;
			defaultConfigurationName = Release;
		};
		80C27375293122750077FCE8 /* Build configuration list for PBXNativeTarget "TezosHackrHausTests" */ = {
			isa = XCConfigurationList;
			buildConfigurations = (
				80C27376293122750077FCE8 /* Debug */,
				80C27377293122750077FCE8 /* Release */,
			);
			defaultConfigurationIsVisible = 0;
			defaultConfigurationName = Release;
		};
		80C27378293122750077FCE8 /* Build configuration list for PBXNativeTarget "TezosHackrHausUITests" */ = {
			isa = XCConfigurationList;
			buildConfigurations = (
				80C27379293122750077FCE8 /* Debug */,
				80C2737A293122750077FCE8 /* Release */,
			);
			defaultConfigurationIsVisible = 0;
			defaultConfigurationName = Release;
		};
/* End XCConfigurationList section */
	};
	rootObject = 80C27341293122720077FCE8 /* Project object */;
}
