// !$*UTF8*$!
{
	archiveVersion = 1;
	classes = {
	};
	objectVersion = 56;
	objects = {

/* Begin PBXBuildFile section */
		80314ED829334E9000CA6488 /* tv_retro.usdz in Resources */ = {isa = PBXBuildFile; fileRef = 80314ED729334E9000CA6488 /* tv_retro.usdz */; };
		80314EDA29335A9D00CA6488 /* HTTPDownloader.swift in Sources */ = {isa = PBXBuildFile; fileRef = 80314ED929335A9D00CA6488 /* HTTPDownloader.swift */; };
		80C273CE29323EDE0077FCE8 /* AppDelegate.swift in Sources */ = {isa = PBXBuildFile; fileRef = 80C273CD29323EDE0077FCE8 /* AppDelegate.swift */; };
		80C273D029323EDE0077FCE8 /* ViewController.swift in Sources */ = {isa = PBXBuildFile; fileRef = 80C273CF29323EDE0077FCE8 /* ViewController.swift */; };
		80C273D229323EDE0077FCE8 /* Experience.rcproject in Sources */ = {isa = PBXBuildFile; fileRef = 80C273D129323EDE0077FCE8 /* Experience.rcproject */; };
		80C273D529323EDE0077FCE8 /* Main.storyboard in Resources */ = {isa = PBXBuildFile; fileRef = 80C273D329323EDE0077FCE8 /* Main.storyboard */; };
		80C273D729323EE10077FCE8 /* Assets.xcassets in Resources */ = {isa = PBXBuildFile; fileRef = 80C273D629323EE10077FCE8 /* Assets.xcassets */; };
		80C273DA29323EE10077FCE8 /* LaunchScreen.storyboard in Resources */ = {isa = PBXBuildFile; fileRef = 80C273D829323EE10077FCE8 /* LaunchScreen.storyboard */; };
		80C273E429323EE10077FCE8 /* TestingTests.swift in Sources */ = {isa = PBXBuildFile; fileRef = 80C273E329323EE10077FCE8 /* TestingTests.swift */; };
		80C273EE29323EE10077FCE8 /* TestingUITests.swift in Sources */ = {isa = PBXBuildFile; fileRef = 80C273ED29323EE10077FCE8 /* TestingUITests.swift */; };
		80C273F029323EE10077FCE8 /* TestingUITestsLaunchTests.swift in Sources */ = {isa = PBXBuildFile; fileRef = 80C273EF29323EE10077FCE8 /* TestingUITestsLaunchTests.swift */; };
		80C27409293244CA0077FCE8 /* TestViewController.swift in Sources */ = {isa = PBXBuildFile; fileRef = 80C27408293244CA0077FCE8 /* TestViewController.swift */; };
		80C2740B293256E40077FCE8 /* ARView+Ext.swift in Sources */ = {isa = PBXBuildFile; fileRef = 80C2740A293256E40077FCE8 /* ARView+Ext.swift */; };
		80C274172932818C0077FCE8 /* toy_robot_vintage.usdz in Resources */ = {isa = PBXBuildFile; fileRef = 80C274162932818C0077FCE8 /* toy_robot_vintage.usdz */; };
		80C2741929328CE20077FCE8 /* NFTCell.swift in Sources */ = {isa = PBXBuildFile; fileRef = 80C2741829328CE20077FCE8 /* NFTCell.swift */; };
		80C2741B293291860077FCE8 /* NFTModel.swift in Sources */ = {isa = PBXBuildFile; fileRef = 80C2741A293291860077FCE8 /* NFTModel.swift */; };
		80C2741F2932952F0077FCE8 /* cup_saucer_set.usdz in Resources */ = {isa = PBXBuildFile; fileRef = 80C2741E2932952F0077FCE8 /* cup_saucer_set.usdz */; };
		80C274212932A1510077FCE8 /* sneaker_airforce.usdz in Resources */ = {isa = PBXBuildFile; fileRef = 80C274202932A1510077FCE8 /* sneaker_airforce.usdz */; };
		80C2742A2932D5C60077FCE8 /* FocusEntity in Frameworks */ = {isa = PBXBuildFile; productRef = 80C274292932D5C60077FCE8 /* FocusEntity */; };
		80C274422932DC090077FCE8 /* UICollectionView+Ext.swift in Sources */ = {isa = PBXBuildFile; fileRef = 80C2743B2932DC090077FCE8 /* UICollectionView+Ext.swift */; };
		80C274432932DC090077FCE8 /* UISearchTextField+Ext.swift in Sources */ = {isa = PBXBuildFile; fileRef = 80C2743C2932DC090077FCE8 /* UISearchTextField+Ext.swift */; };
		80C274442932DC090077FCE8 /* UITableView+Ext.swift in Sources */ = {isa = PBXBuildFile; fileRef = 80C2743D2932DC090077FCE8 /* UITableView+Ext.swift */; };
		80C274452932DC090077FCE8 /* UIColor+Ext.swift in Sources */ = {isa = PBXBuildFile; fileRef = 80C2743E2932DC090077FCE8 /* UIColor+Ext.swift */; };
		80C274462932DC090077FCE8 /* UILabel+Ext.swift in Sources */ = {isa = PBXBuildFile; fileRef = 80C2743F2932DC090077FCE8 /* UILabel+Ext.swift */; };
		80C274472932DC090077FCE8 /* UIButton+Ext.swift in Sources */ = {isa = PBXBuildFile; fileRef = 80C274402932DC090077FCE8 /* UIButton+Ext.swift */; };
		80C274482932DC090077FCE8 /* UIView+Ext.swift in Sources */ = {isa = PBXBuildFile; fileRef = 80C274412932DC090077FCE8 /* UIView+Ext.swift */; };
		80C274522932DC720077FCE8 /* ProfileViewController.swift in Sources */ = {isa = PBXBuildFile; fileRef = 80C2744A2932DC720077FCE8 /* ProfileViewController.swift */; };
		80C274532932DC720077FCE8 /* BidStruct.swift in Sources */ = {isa = PBXBuildFile; fileRef = 80C2744B2932DC720077FCE8 /* BidStruct.swift */; };
		80C274542932DC720077FCE8 /* HomeViewController.swift in Sources */ = {isa = PBXBuildFile; fileRef = 80C2744C2932DC720077FCE8 /* HomeViewController.swift */; };
		80C274552932DC720077FCE8 /* ExperienceView.swift in Sources */ = {isa = PBXBuildFile; fileRef = 80C2744D2932DC720077FCE8 /* ExperienceView.swift */; };
		80C274562932DC720077FCE8 /* BiddingViewController.swift in Sources */ = {isa = PBXBuildFile; fileRef = 80C2744E2932DC720077FCE8 /* BiddingViewController.swift */; };
		80C274572932DC720077FCE8 /* BidCell.swift in Sources */ = {isa = PBXBuildFile; fileRef = 80C2744F2932DC720077FCE8 /* BidCell.swift */; };
		80C274582932DC720077FCE8 /* LoginViewController.swift in Sources */ = {isa = PBXBuildFile; fileRef = 80C274502932DC720077FCE8 /* LoginViewController.swift */; };
		80C274592932DC720077FCE8 /* TopBarView.swift in Sources */ = {isa = PBXBuildFile; fileRef = 80C274512932DC720077FCE8 /* TopBarView.swift */; };
		80C2745B2932DD930077FCE8 /* TabBarController.swift in Sources */ = {isa = PBXBuildFile; fileRef = 80C2745A2932DD930077FCE8 /* TabBarController.swift */; };
		80C2745D29332CEB0077FCE8 /* PlaceBidVC.swift in Sources */ = {isa = PBXBuildFile; fileRef = 80C2745C29332CEB0077FCE8 /* PlaceBidVC.swift */; };
		80C274652933364E0077FCE8 /* teapot.usdz in Resources */ = {isa = PBXBuildFile; fileRef = 80C274602933364B0077FCE8 /* teapot.usdz */; };
		80C274672933364E0077FCE8 /* gramophone.usdz in Resources */ = {isa = PBXBuildFile; fileRef = 80C274622933364C0077FCE8 /* gramophone.usdz */; };
		80C274682933364E0077FCE8 /* wateringcan.usdz in Resources */ = {isa = PBXBuildFile; fileRef = 80C274632933364D0077FCE8 /* wateringcan.usdz */; };
		80C274692933364E0077FCE8 /* chair_swan.usdz in Resources */ = {isa = PBXBuildFile; fileRef = 80C274642933364E0077FCE8 /* chair_swan.usdz */; };
		A73CBD88293371E900AD2378 /* AddBiddingView.swift in Sources */ = {isa = PBXBuildFile; fileRef = A73CBD87293371E900AD2378 /* AddBiddingView.swift */; };
/* End PBXBuildFile section */

/* Begin PBXContainerItemProxy section */
		80C273E029323EE10077FCE8 /* PBXContainerItemProxy */ = {
			isa = PBXContainerItemProxy;
			containerPortal = 80C273C229323EDE0077FCE8 /* Project object */;
			proxyType = 1;
			remoteGlobalIDString = 80C273C929323EDE0077FCE8;
			remoteInfo = Testing;
		};
		80C273EA29323EE10077FCE8 /* PBXContainerItemProxy */ = {
			isa = PBXContainerItemProxy;
			containerPortal = 80C273C229323EDE0077FCE8 /* Project object */;
			proxyType = 1;
			remoteGlobalIDString = 80C273C929323EDE0077FCE8;
			remoteInfo = Testing;
		};
/* End PBXContainerItemProxy section */

/* Begin PBXFileReference section */
		80314ED729334E9000CA6488 /* tv_retro.usdz */ = {isa = PBXFileReference; lastKnownFileType = file.usdz; path = tv_retro.usdz; sourceTree = "<group>"; };
		80314ED929335A9D00CA6488 /* HTTPDownloader.swift */ = {isa = PBXFileReference; lastKnownFileType = sourcecode.swift; path = HTTPDownloader.swift; sourceTree = "<group>"; };
		80C273CA29323EDE0077FCE8 /* Testing.app */ = {isa = PBXFileReference; explicitFileType = wrapper.application; includeInIndex = 0; path = Testing.app; sourceTree = BUILT_PRODUCTS_DIR; };
		80C273CD29323EDE0077FCE8 /* AppDelegate.swift */ = {isa = PBXFileReference; lastKnownFileType = sourcecode.swift; path = AppDelegate.swift; sourceTree = "<group>"; };
		80C273CF29323EDE0077FCE8 /* ViewController.swift */ = {isa = PBXFileReference; lastKnownFileType = sourcecode.swift; path = ViewController.swift; sourceTree = "<group>"; };
		80C273D129323EDE0077FCE8 /* Experience.rcproject */ = {isa = PBXFileReference; lastKnownFileType = file.rcproject; path = Experience.rcproject; sourceTree = "<group>"; };
		80C273D429323EDE0077FCE8 /* Base */ = {isa = PBXFileReference; lastKnownFileType = file.storyboard; name = Base; path = Base.lproj/Main.storyboard; sourceTree = "<group>"; };
		80C273D629323EE10077FCE8 /* Assets.xcassets */ = {isa = PBXFileReference; lastKnownFileType = folder.assetcatalog; path = Assets.xcassets; sourceTree = "<group>"; };
		80C273D929323EE10077FCE8 /* Base */ = {isa = PBXFileReference; lastKnownFileType = file.storyboard; name = Base; path = Base.lproj/LaunchScreen.storyboard; sourceTree = "<group>"; };
		80C273DF29323EE10077FCE8 /* TestingTests.xctest */ = {isa = PBXFileReference; explicitFileType = wrapper.cfbundle; includeInIndex = 0; path = TestingTests.xctest; sourceTree = BUILT_PRODUCTS_DIR; };
		80C273E329323EE10077FCE8 /* TestingTests.swift */ = {isa = PBXFileReference; lastKnownFileType = sourcecode.swift; path = TestingTests.swift; sourceTree = "<group>"; };
		80C273E929323EE10077FCE8 /* TestingUITests.xctest */ = {isa = PBXFileReference; explicitFileType = wrapper.cfbundle; includeInIndex = 0; path = TestingUITests.xctest; sourceTree = BUILT_PRODUCTS_DIR; };
		80C273ED29323EE10077FCE8 /* TestingUITests.swift */ = {isa = PBXFileReference; lastKnownFileType = sourcecode.swift; path = TestingUITests.swift; sourceTree = "<group>"; };
		80C273EF29323EE10077FCE8 /* TestingUITestsLaunchTests.swift */ = {isa = PBXFileReference; lastKnownFileType = sourcecode.swift; path = TestingUITestsLaunchTests.swift; sourceTree = "<group>"; };
		80C27408293244CA0077FCE8 /* TestViewController.swift */ = {isa = PBXFileReference; lastKnownFileType = sourcecode.swift; path = TestViewController.swift; sourceTree = "<group>"; };
		80C2740A293256E40077FCE8 /* ARView+Ext.swift */ = {isa = PBXFileReference; lastKnownFileType = sourcecode.swift; path = "ARView+Ext.swift"; sourceTree = "<group>"; };
		80C274162932818C0077FCE8 /* toy_robot_vintage.usdz */ = {isa = PBXFileReference; lastKnownFileType = file.usdz; path = toy_robot_vintage.usdz; sourceTree = "<group>"; };
		80C2741829328CE20077FCE8 /* NFTCell.swift */ = {isa = PBXFileReference; lastKnownFileType = sourcecode.swift; path = NFTCell.swift; sourceTree = "<group>"; };
		80C2741A293291860077FCE8 /* NFTModel.swift */ = {isa = PBXFileReference; lastKnownFileType = sourcecode.swift; path = NFTModel.swift; sourceTree = "<group>"; };
		80C2741E2932952F0077FCE8 /* cup_saucer_set.usdz */ = {isa = PBXFileReference; lastKnownFileType = file.usdz; path = cup_saucer_set.usdz; sourceTree = "<group>"; };
		80C274202932A1510077FCE8 /* sneaker_airforce.usdz */ = {isa = PBXFileReference; lastKnownFileType = file.usdz; path = sneaker_airforce.usdz; sourceTree = "<group>"; };
		80C2743B2932DC090077FCE8 /* UICollectionView+Ext.swift */ = {isa = PBXFileReference; fileEncoding = 4; lastKnownFileType = sourcecode.swift; path = "UICollectionView+Ext.swift"; sourceTree = "<group>"; };
		80C2743C2932DC090077FCE8 /* UISearchTextField+Ext.swift */ = {isa = PBXFileReference; fileEncoding = 4; lastKnownFileType = sourcecode.swift; path = "UISearchTextField+Ext.swift"; sourceTree = "<group>"; };
		80C2743D2932DC090077FCE8 /* UITableView+Ext.swift */ = {isa = PBXFileReference; fileEncoding = 4; lastKnownFileType = sourcecode.swift; path = "UITableView+Ext.swift"; sourceTree = "<group>"; };
		80C2743E2932DC090077FCE8 /* UIColor+Ext.swift */ = {isa = PBXFileReference; fileEncoding = 4; lastKnownFileType = sourcecode.swift; path = "UIColor+Ext.swift"; sourceTree = "<group>"; };
		80C2743F2932DC090077FCE8 /* UILabel+Ext.swift */ = {isa = PBXFileReference; fileEncoding = 4; lastKnownFileType = sourcecode.swift; path = "UILabel+Ext.swift"; sourceTree = "<group>"; };
		80C274402932DC090077FCE8 /* UIButton+Ext.swift */ = {isa = PBXFileReference; fileEncoding = 4; lastKnownFileType = sourcecode.swift; path = "UIButton+Ext.swift"; sourceTree = "<group>"; };
		80C274412932DC090077FCE8 /* UIView+Ext.swift */ = {isa = PBXFileReference; fileEncoding = 4; lastKnownFileType = sourcecode.swift; path = "UIView+Ext.swift"; sourceTree = "<group>"; };
		80C2744A2932DC720077FCE8 /* ProfileViewController.swift */ = {isa = PBXFileReference; fileEncoding = 4; lastKnownFileType = sourcecode.swift; path = ProfileViewController.swift; sourceTree = "<group>"; };
		80C2744B2932DC720077FCE8 /* BidStruct.swift */ = {isa = PBXFileReference; fileEncoding = 4; lastKnownFileType = sourcecode.swift; path = BidStruct.swift; sourceTree = "<group>"; };
		80C2744C2932DC720077FCE8 /* HomeViewController.swift */ = {isa = PBXFileReference; fileEncoding = 4; lastKnownFileType = sourcecode.swift; path = HomeViewController.swift; sourceTree = "<group>"; };
		80C2744D2932DC720077FCE8 /* ExperienceView.swift */ = {isa = PBXFileReference; fileEncoding = 4; lastKnownFileType = sourcecode.swift; path = ExperienceView.swift; sourceTree = "<group>"; };
		80C2744E2932DC720077FCE8 /* BiddingViewController.swift */ = {isa = PBXFileReference; fileEncoding = 4; lastKnownFileType = sourcecode.swift; path = BiddingViewController.swift; sourceTree = "<group>"; };
		80C2744F2932DC720077FCE8 /* BidCell.swift */ = {isa = PBXFileReference; fileEncoding = 4; lastKnownFileType = sourcecode.swift; path = BidCell.swift; sourceTree = "<group>"; };
		80C274502932DC720077FCE8 /* LoginViewController.swift */ = {isa = PBXFileReference; fileEncoding = 4; lastKnownFileType = sourcecode.swift; path = LoginViewController.swift; sourceTree = "<group>"; };
		80C274512932DC720077FCE8 /* TopBarView.swift */ = {isa = PBXFileReference; fileEncoding = 4; lastKnownFileType = sourcecode.swift; path = TopBarView.swift; sourceTree = "<group>"; };
		80C2745A2932DD930077FCE8 /* TabBarController.swift */ = {isa = PBXFileReference; fileEncoding = 4; lastKnownFileType = sourcecode.swift; path = TabBarController.swift; sourceTree = "<group>"; };
		80C2745C29332CEB0077FCE8 /* PlaceBidVC.swift */ = {isa = PBXFileReference; lastKnownFileType = sourcecode.swift; path = PlaceBidVC.swift; sourceTree = "<group>"; };
		80C274602933364B0077FCE8 /* teapot.usdz */ = {isa = PBXFileReference; lastKnownFileType = file.usdz; path = teapot.usdz; sourceTree = "<group>"; };
		80C274622933364C0077FCE8 /* gramophone.usdz */ = {isa = PBXFileReference; lastKnownFileType = file.usdz; path = gramophone.usdz; sourceTree = "<group>"; };
		80C274632933364D0077FCE8 /* wateringcan.usdz */ = {isa = PBXFileReference; lastKnownFileType = file.usdz; path = wateringcan.usdz; sourceTree = "<group>"; };
		80C274642933364E0077FCE8 /* chair_swan.usdz */ = {isa = PBXFileReference; lastKnownFileType = file.usdz; path = chair_swan.usdz; sourceTree = "<group>"; };
		A73CBD87293371E900AD2378 /* AddBiddingView.swift */ = {isa = PBXFileReference; lastKnownFileType = sourcecode.swift; path = AddBiddingView.swift; sourceTree = "<group>"; };
/* End PBXFileReference section */

/* Begin PBXFrameworksBuildPhase section */
		80C273C729323EDE0077FCE8 /* Frameworks */ = {
			isa = PBXFrameworksBuildPhase;
			buildActionMask = 2147483647;
			files = (
				80C2742A2932D5C60077FCE8 /* FocusEntity in Frameworks */,
			);
			runOnlyForDeploymentPostprocessing = 0;
		};
		80C273DC29323EE10077FCE8 /* Frameworks */ = {
			isa = PBXFrameworksBuildPhase;
			buildActionMask = 2147483647;
			files = (
			);
			runOnlyForDeploymentPostprocessing = 0;
		};
		80C273E629323EE10077FCE8 /* Frameworks */ = {
			isa = PBXFrameworksBuildPhase;
			buildActionMask = 2147483647;
			files = (
			);
			runOnlyForDeploymentPostprocessing = 0;
		};
/* End PBXFrameworksBuildPhase section */

/* Begin PBXGroup section */
		80C273C129323EDE0077FCE8 = {
			isa = PBXGroup;
			children = (
				80C273CC29323EDE0077FCE8 /* Testing */,
				80C273E229323EE10077FCE8 /* TestingTests */,
				80C273EC29323EE10077FCE8 /* TestingUITests */,
				80C273CB29323EDE0077FCE8 /* Products */,
			);
			sourceTree = "<group>";
		};
		80C273CB29323EDE0077FCE8 /* Products */ = {
			isa = PBXGroup;
			children = (
				80C273CA29323EDE0077FCE8 /* Testing.app */,
				80C273DF29323EE10077FCE8 /* TestingTests.xctest */,
				80C273E929323EE10077FCE8 /* TestingUITests.xctest */,
			);
			name = Products;
			sourceTree = "<group>";
		};
		80C273CC29323EDE0077FCE8 /* Testing */ = {
			isa = PBXGroup;
			children = (
				80C274492932DC4E0077FCE8 /* Home */,
				80C2742C2932DBCE0077FCE8 /* Extensions */,
				80C2740F29327DED0077FCE8 /* Models */,
				80C273CD29323EDE0077FCE8 /* AppDelegate.swift */,
				80C273CF29323EDE0077FCE8 /* ViewController.swift */,
				80314ED929335A9D00CA6488 /* HTTPDownloader.swift */,
				80C2742B2932DBA60077FCE8 /* Experience */,
				80C273D329323EDE0077FCE8 /* Main.storyboard */,
				80C273D629323EE10077FCE8 /* Assets.xcassets */,
				80C273D829323EE10077FCE8 /* LaunchScreen.storyboard */,
			);
			path = Testing;
			sourceTree = "<group>";
		};
		80C273E229323EE10077FCE8 /* TestingTests */ = {
			isa = PBXGroup;
			children = (
				80C273E329323EE10077FCE8 /* TestingTests.swift */,
			);
			path = TestingTests;
			sourceTree = "<group>";
		};
		80C273EC29323EE10077FCE8 /* TestingUITests */ = {
			isa = PBXGroup;
			children = (
				80C273ED29323EE10077FCE8 /* TestingUITests.swift */,
				80C273EF29323EE10077FCE8 /* TestingUITestsLaunchTests.swift */,
			);
			path = TestingUITests;
			sourceTree = "<group>";
		};
		80C2740F29327DED0077FCE8 /* Models */ = {
			isa = PBXGroup;
			children = (
				80C274642933364E0077FCE8 /* chair_swan.usdz */,
				80C274622933364C0077FCE8 /* gramophone.usdz */,
				80C274602933364B0077FCE8 /* teapot.usdz */,
				80314ED729334E9000CA6488 /* tv_retro.usdz */,
				80C274632933364D0077FCE8 /* wateringcan.usdz */,
				80C274202932A1510077FCE8 /* sneaker_airforce.usdz */,
				80C2741E2932952F0077FCE8 /* cup_saucer_set.usdz */,
				80C274162932818C0077FCE8 /* toy_robot_vintage.usdz */,
			);
			path = Models;
			sourceTree = "<group>";
		};
		80C2742B2932DBA60077FCE8 /* Experience */ = {
			isa = PBXGroup;
			children = (
				80C2741A293291860077FCE8 /* NFTModel.swift */,
				80C2741829328CE20077FCE8 /* NFTCell.swift */,
				80C2740A293256E40077FCE8 /* ARView+Ext.swift */,
				80C27408293244CA0077FCE8 /* TestViewController.swift */,
				80C273D129323EDE0077FCE8 /* Experience.rcproject */,
				80C2745C29332CEB0077FCE8 /* PlaceBidVC.swift */,
				A73CBD87293371E900AD2378 /* AddBiddingView.swift */,
			);
			path = Experience;
			sourceTree = "<group>";
		};
		80C2742C2932DBCE0077FCE8 /* Extensions */ = {
			isa = PBXGroup;
			children = (
				80C274402932DC090077FCE8 /* UIButton+Ext.swift */,
				80C2743B2932DC090077FCE8 /* UICollectionView+Ext.swift */,
				80C2743E2932DC090077FCE8 /* UIColor+Ext.swift */,
				80C2743F2932DC090077FCE8 /* UILabel+Ext.swift */,
				80C2743C2932DC090077FCE8 /* UISearchTextField+Ext.swift */,
				80C2743D2932DC090077FCE8 /* UITableView+Ext.swift */,
				80C274412932DC090077FCE8 /* UIView+Ext.swift */,
			);
			path = Extensions;
			sourceTree = "<group>";
		};
		80C274492932DC4E0077FCE8 /* Home */ = {
			isa = PBXGroup;
			children = (
				80C2745A2932DD930077FCE8 /* TabBarController.swift */,
				80C2744F2932DC720077FCE8 /* BidCell.swift */,
				80C2744E2932DC720077FCE8 /* BiddingViewController.swift */,
				80C2744B2932DC720077FCE8 /* BidStruct.swift */,
				80C2744D2932DC720077FCE8 /* ExperienceView.swift */,
				80C2744C2932DC720077FCE8 /* HomeViewController.swift */,
				80C274502932DC720077FCE8 /* LoginViewController.swift */,
				80C2744A2932DC720077FCE8 /* ProfileViewController.swift */,
				80C274512932DC720077FCE8 /* TopBarView.swift */,
			);
			path = Home;
			sourceTree = "<group>";
		};
/* End PBXGroup section */

/* Begin PBXNativeTarget section */
		80C273C929323EDE0077FCE8 /* Testing */ = {
			isa = PBXNativeTarget;
			buildConfigurationList = 80C273F329323EE10077FCE8 /* Build configuration list for PBXNativeTarget "Testing" */;
			buildPhases = (
				80C273C629323EDE0077FCE8 /* Sources */,
				80C273C729323EDE0077FCE8 /* Frameworks */,
				80C273C829323EDE0077FCE8 /* Resources */,
			);
			buildRules = (
			);
			dependencies = (
			);
			name = Testing;
			packageProductDependencies = (
				80C274292932D5C60077FCE8 /* FocusEntity */,
			);
			productName = Testing;
			productReference = 80C273CA29323EDE0077FCE8 /* Testing.app */;
			productType = "com.apple.product-type.application";
		};
		80C273DE29323EE10077FCE8 /* TestingTests */ = {
			isa = PBXNativeTarget;
			buildConfigurationList = 80C273F629323EE10077FCE8 /* Build configuration list for PBXNativeTarget "TestingTests" */;
			buildPhases = (
				80C273DB29323EE10077FCE8 /* Sources */,
				80C273DC29323EE10077FCE8 /* Frameworks */,
				80C273DD29323EE10077FCE8 /* Resources */,
			);
			buildRules = (
			);
			dependencies = (
				80C273E129323EE10077FCE8 /* PBXTargetDependency */,
			);
			name = TestingTests;
			productName = TestingTests;
			productReference = 80C273DF29323EE10077FCE8 /* TestingTests.xctest */;
			productType = "com.apple.product-type.bundle.unit-test";
		};
		80C273E829323EE10077FCE8 /* TestingUITests */ = {
			isa = PBXNativeTarget;
			buildConfigurationList = 80C273F929323EE10077FCE8 /* Build configuration list for PBXNativeTarget "TestingUITests" */;
			buildPhases = (
				80C273E529323EE10077FCE8 /* Sources */,
				80C273E629323EE10077FCE8 /* Frameworks */,
				80C273E729323EE10077FCE8 /* Resources */,
			);
			buildRules = (
			);
			dependencies = (
				80C273EB29323EE10077FCE8 /* PBXTargetDependency */,
			);
			name = TestingUITests;
			productName = TestingUITests;
			productReference = 80C273E929323EE10077FCE8 /* TestingUITests.xctest */;
			productType = "com.apple.product-type.bundle.ui-testing";
		};
/* End PBXNativeTarget section */

/* Begin PBXProject section */
		80C273C229323EDE0077FCE8 /* Project object */ = {
			isa = PBXProject;
			attributes = {
				BuildIndependentTargetsInParallel = 1;
				LastSwiftUpdateCheck = 1410;
				LastUpgradeCheck = 1410;
				TargetAttributes = {
					80C273C929323EDE0077FCE8 = {
						CreatedOnToolsVersion = 14.1;
					};
					80C273DE29323EE10077FCE8 = {
						CreatedOnToolsVersion = 14.1;
						TestTargetID = 80C273C929323EDE0077FCE8;
					};
					80C273E829323EE10077FCE8 = {
						CreatedOnToolsVersion = 14.1;
						TestTargetID = 80C273C929323EDE0077FCE8;
					};
				};
			};
			buildConfigurationList = 80C273C529323EDE0077FCE8 /* Build configuration list for PBXProject "Testing" */;
			compatibilityVersion = "Xcode 14.0";
			developmentRegion = en;
			hasScannedForEncodings = 0;
			knownRegions = (
				en,
				Base,
			);
			mainGroup = 80C273C129323EDE0077FCE8;
			packageReferences = (
				80C274282932D5C60077FCE8 /* XCRemoteSwiftPackageReference "FocusEntity" */,
			);
			productRefGroup = 80C273CB29323EDE0077FCE8 /* Products */;
			projectDirPath = "";
			projectRoot = "";
			targets = (
				80C273C929323EDE0077FCE8 /* Testing */,
				80C273DE29323EE10077FCE8 /* TestingTests */,
				80C273E829323EE10077FCE8 /* TestingUITests */,
			);
		};
/* End PBXProject section */

/* Begin PBXResourcesBuildPhase section */
		80C273C829323EDE0077FCE8 /* Resources */ = {
			isa = PBXResourcesBuildPhase;
			buildActionMask = 2147483647;
			files = (
				80C274172932818C0077FCE8 /* toy_robot_vintage.usdz in Resources */,
				80C273DA29323EE10077FCE8 /* LaunchScreen.storyboard in Resources */,
				80C2741F2932952F0077FCE8 /* cup_saucer_set.usdz in Resources */,
				80C274682933364E0077FCE8 /* wateringcan.usdz in Resources */,
				80314ED829334E9000CA6488 /* tv_retro.usdz in Resources */,
				80C274692933364E0077FCE8 /* chair_swan.usdz in Resources */,
				80C274652933364E0077FCE8 /* teapot.usdz in Resources */,
				80C273D729323EE10077FCE8 /* Assets.xcassets in Resources */,
				80C274212932A1510077FCE8 /* sneaker_airforce.usdz in Resources */,
				80C273D529323EDE0077FCE8 /* Main.storyboard in Resources */,
				80C274672933364E0077FCE8 /* gramophone.usdz in Resources */,
			);
			runOnlyForDeploymentPostprocessing = 0;
		};
		80C273DD29323EE10077FCE8 /* Resources */ = {
			isa = PBXResourcesBuildPhase;
			buildActionMask = 2147483647;
			files = (
			);
			runOnlyForDeploymentPostprocessing = 0;
		};
		80C273E729323EE10077FCE8 /* Resources */ = {
			isa = PBXResourcesBuildPhase;
			buildActionMask = 2147483647;
			files = (
			);
			runOnlyForDeploymentPostprocessing = 0;
		};
/* End PBXResourcesBuildPhase section */

/* Begin PBXSourcesBuildPhase section */
		80C273C629323EDE0077FCE8 /* Sources */ = {
			isa = PBXSourcesBuildPhase;
			buildActionMask = 2147483647;
			files = (
				80C274582932DC720077FCE8 /* LoginViewController.swift in Sources */,
				80C27409293244CA0077FCE8 /* TestViewController.swift in Sources */,
				80C273D029323EDE0077FCE8 /* ViewController.swift in Sources */,
				80C2740B293256E40077FCE8 /* ARView+Ext.swift in Sources */,
				80C274542932DC720077FCE8 /* HomeViewController.swift in Sources */,
				80C2745B2932DD930077FCE8 /* TabBarController.swift in Sources */,
				80C273CE29323EDE0077FCE8 /* AppDelegate.swift in Sources */,
				80C274482932DC090077FCE8 /* UIView+Ext.swift in Sources */,
				80C274452932DC090077FCE8 /* UIColor+Ext.swift in Sources */,
				80C274592932DC720077FCE8 /* TopBarView.swift in Sources */,
				80C2741929328CE20077FCE8 /* NFTCell.swift in Sources */,
				80C2741B293291860077FCE8 /* NFTModel.swift in Sources */,
				80C274562932DC720077FCE8 /* BiddingViewController.swift in Sources */,
				80C274432932DC090077FCE8 /* UISearchTextField+Ext.swift in Sources */,
				80C274572932DC720077FCE8 /* BidCell.swift in Sources */,
				80C274442932DC090077FCE8 /* UITableView+Ext.swift in Sources */,
				80C2745D29332CEB0077FCE8 /* PlaceBidVC.swift in Sources */,
				80C274472932DC090077FCE8 /* UIButton+Ext.swift in Sources */,
				80C274552932DC720077FCE8 /* ExperienceView.swift in Sources */,
				80C274422932DC090077FCE8 /* UICollectionView+Ext.swift in Sources */,
				80C274522932DC720077FCE8 /* ProfileViewController.swift in Sources */,
				80314EDA29335A9D00CA6488 /* HTTPDownloader.swift in Sources */,
				80C274462932DC090077FCE8 /* UILabel+Ext.swift in Sources */,
				80C274532932DC720077FCE8 /* BidStruct.swift in Sources */,
				A73CBD88293371E900AD2378 /* AddBiddingView.swift in Sources */,
				80C273D229323EDE0077FCE8 /* Experience.rcproject in Sources */,
			);
			runOnlyForDeploymentPostprocessing = 0;
		};
		80C273DB29323EE10077FCE8 /* Sources */ = {
			isa = PBXSourcesBuildPhase;
			buildActionMask = 2147483647;
			files = (
				80C273E429323EE10077FCE8 /* TestingTests.swift in Sources */,
			);
			runOnlyForDeploymentPostprocessing = 0;
		};
		80C273E529323EE10077FCE8 /* Sources */ = {
			isa = PBXSourcesBuildPhase;
			buildActionMask = 2147483647;
			files = (
				80C273EE29323EE10077FCE8 /* TestingUITests.swift in Sources */,
				80C273F029323EE10077FCE8 /* TestingUITestsLaunchTests.swift in Sources */,
			);
			runOnlyForDeploymentPostprocessing = 0;
		};
/* End PBXSourcesBuildPhase section */

/* Begin PBXTargetDependency section */
		80C273E129323EE10077FCE8 /* PBXTargetDependency */ = {
			isa = PBXTargetDependency;
			target = 80C273C929323EDE0077FCE8 /* Testing */;
			targetProxy = 80C273E029323EE10077FCE8 /* PBXContainerItemProxy */;
		};
		80C273EB29323EE10077FCE8 /* PBXTargetDependency */ = {
			isa = PBXTargetDependency;
			target = 80C273C929323EDE0077FCE8 /* Testing */;
			targetProxy = 80C273EA29323EE10077FCE8 /* PBXContainerItemProxy */;
		};
/* End PBXTargetDependency section */

/* Begin PBXVariantGroup section */
		80C273D329323EDE0077FCE8 /* Main.storyboard */ = {
			isa = PBXVariantGroup;
			children = (
				80C273D429323EDE0077FCE8 /* Base */,
			);
			name = Main.storyboard;
			sourceTree = "<group>";
		};
		80C273D829323EE10077FCE8 /* LaunchScreen.storyboard */ = {
			isa = PBXVariantGroup;
			children = (
				80C273D929323EE10077FCE8 /* Base */,
			);
			name = LaunchScreen.storyboard;
			sourceTree = "<group>";
		};
/* End PBXVariantGroup section */

/* Begin XCBuildConfiguration section */
		80C273F129323EE10077FCE8 /* Debug */ = {
			isa = XCBuildConfiguration;
			buildSettings = {
				ALWAYS_SEARCH_USER_PATHS = NO;
				CLANG_ANALYZER_NONNULL = YES;
				CLANG_ANALYZER_NUMBER_OBJECT_CONVERSION = YES_AGGRESSIVE;
				CLANG_CXX_LANGUAGE_STANDARD = "gnu++20";
				CLANG_ENABLE_MODULES = YES;
				CLANG_ENABLE_OBJC_ARC = YES;
				CLANG_ENABLE_OBJC_WEAK = YES;
				CLANG_WARN_BLOCK_CAPTURE_AUTORELEASING = YES;
				CLANG_WARN_BOOL_CONVERSION = YES;
				CLANG_WARN_COMMA = YES;
				CLANG_WARN_CONSTANT_CONVERSION = YES;
				CLANG_WARN_DEPRECATED_OBJC_IMPLEMENTATIONS = YES;
				CLANG_WARN_DIRECT_OBJC_ISA_USAGE = YES_ERROR;
				CLANG_WARN_DOCUMENTATION_COMMENTS = YES;
				CLANG_WARN_EMPTY_BODY = YES;
				CLANG_WARN_ENUM_CONVERSION = YES;
				CLANG_WARN_INFINITE_RECURSION = YES;
				CLANG_WARN_INT_CONVERSION = YES;
				CLANG_WARN_NON_LITERAL_NULL_CONVERSION = YES;
				CLANG_WARN_OBJC_IMPLICIT_RETAIN_SELF = YES;
				CLANG_WARN_OBJC_LITERAL_CONVERSION = YES;
				CLANG_WARN_OBJC_ROOT_CLASS = YES_ERROR;
				CLANG_WARN_QUOTED_INCLUDE_IN_FRAMEWORK_HEADER = YES;
				CLANG_WARN_RANGE_LOOP_ANALYSIS = YES;
				CLANG_WARN_STRICT_PROTOTYPES = YES;
				CLANG_WARN_SUSPICIOUS_MOVE = YES;
				CLANG_WARN_UNGUARDED_AVAILABILITY = YES_AGGRESSIVE;
				CLANG_WARN_UNREACHABLE_CODE = YES;
				CLANG_WARN__DUPLICATE_METHOD_MATCH = YES;
				COPY_PHASE_STRIP = NO;
				DEBUG_INFORMATION_FORMAT = dwarf;
				ENABLE_STRICT_OBJC_MSGSEND = YES;
				ENABLE_TESTABILITY = YES;
				GCC_C_LANGUAGE_STANDARD = gnu11;
				GCC_DYNAMIC_NO_PIC = NO;
				GCC_NO_COMMON_BLOCKS = YES;
				GCC_OPTIMIZATION_LEVEL = 0;
				GCC_PREPROCESSOR_DEFINITIONS = (
					"DEBUG=1",
					"$(inherited)",
				);
				GCC_WARN_64_TO_32_BIT_CONVERSION = YES;
				GCC_WARN_ABOUT_RETURN_TYPE = YES_ERROR;
				GCC_WARN_UNDECLARED_SELECTOR = YES;
				GCC_WARN_UNINITIALIZED_AUTOS = YES_AGGRESSIVE;
				GCC_WARN_UNUSED_FUNCTION = YES;
				GCC_WARN_UNUSED_VARIABLE = YES;
				IPHONEOS_DEPLOYMENT_TARGET = 16.1;
				MTL_ENABLE_DEBUG_INFO = INCLUDE_SOURCE;
				MTL_FAST_MATH = YES;
				ONLY_ACTIVE_ARCH = YES;
				SDKROOT = iphoneos;
				SWIFT_ACTIVE_COMPILATION_CONDITIONS = DEBUG;
				SWIFT_OPTIMIZATION_LEVEL = "-Onone";
			};
			name = Debug;
		};
		80C273F229323EE10077FCE8 /* Release */ = {
			isa = XCBuildConfiguration;
			buildSettings = {
				ALWAYS_SEARCH_USER_PATHS = NO;
				CLANG_ANALYZER_NONNULL = YES;
				CLANG_ANALYZER_NUMBER_OBJECT_CONVERSION = YES_AGGRESSIVE;
				CLANG_CXX_LANGUAGE_STANDARD = "gnu++20";
				CLANG_ENABLE_MODULES = YES;
				CLANG_ENABLE_OBJC_ARC = YES;
				CLANG_ENABLE_OBJC_WEAK = YES;
				CLANG_WARN_BLOCK_CAPTURE_AUTORELEASING = YES;
				CLANG_WARN_BOOL_CONVERSION = YES;
				CLANG_WARN_COMMA = YES;
				CLANG_WARN_CONSTANT_CONVERSION = YES;
				CLANG_WARN_DEPRECATED_OBJC_IMPLEMENTATIONS = YES;
				CLANG_WARN_DIRECT_OBJC_ISA_USAGE = YES_ERROR;
				CLANG_WARN_DOCUMENTATION_COMMENTS = YES;
				CLANG_WARN_EMPTY_BODY = YES;
				CLANG_WARN_ENUM_CONVERSION = YES;
				CLANG_WARN_INFINITE_RECURSION = YES;
				CLANG_WARN_INT_CONVERSION = YES;
				CLANG_WARN_NON_LITERAL_NULL_CONVERSION = YES;
				CLANG_WARN_OBJC_IMPLICIT_RETAIN_SELF = YES;
				CLANG_WARN_OBJC_LITERAL_CONVERSION = YES;
				CLANG_WARN_OBJC_ROOT_CLASS = YES_ERROR;
				CLANG_WARN_QUOTED_INCLUDE_IN_FRAMEWORK_HEADER = YES;
				CLANG_WARN_RANGE_LOOP_ANALYSIS = YES;
				CLANG_WARN_STRICT_PROTOTYPES = YES;
				CLANG_WARN_SUSPICIOUS_MOVE = YES;
				CLANG_WARN_UNGUARDED_AVAILABILITY = YES_AGGRESSIVE;
				CLANG_WARN_UNREACHABLE_CODE = YES;
				CLANG_WARN__DUPLICATE_METHOD_MATCH = YES;
				COPY_PHASE_STRIP = NO;
				DEBUG_INFORMATION_FORMAT = "dwarf-with-dsym";
				ENABLE_NS_ASSERTIONS = NO;
				ENABLE_STRICT_OBJC_MSGSEND = YES;
				GCC_C_LANGUAGE_STANDARD = gnu11;
				GCC_NO_COMMON_BLOCKS = YES;
				GCC_WARN_64_TO_32_BIT_CONVERSION = YES;
				GCC_WARN_ABOUT_RETURN_TYPE = YES_ERROR;
				GCC_WARN_UNDECLARED_SELECTOR = YES;
				GCC_WARN_UNINITIALIZED_AUTOS = YES_AGGRESSIVE;
				GCC_WARN_UNUSED_FUNCTION = YES;
				GCC_WARN_UNUSED_VARIABLE = YES;
				IPHONEOS_DEPLOYMENT_TARGET = 16.1;
				MTL_ENABLE_DEBUG_INFO = NO;
				MTL_FAST_MATH = YES;
				SDKROOT = iphoneos;
				SWIFT_COMPILATION_MODE = wholemodule;
				SWIFT_OPTIMIZATION_LEVEL = "-O";
				VALIDATE_PRODUCT = YES;
			};
			name = Release;
		};
		80C273F429323EE10077FCE8 /* Debug */ = {
			isa = XCBuildConfiguration;
			buildSettings = {
				ASSETCATALOG_COMPILER_APPICON_NAME = AppIcon;
				ASSETCATALOG_COMPILER_GLOBAL_ACCENT_COLOR_NAME = AccentColor;
				CODE_SIGN_STYLE = Automatic;
				CURRENT_PROJECT_VERSION = 2;
				DEVELOPMENT_TEAM = 288ZUH88HD;
				GENERATE_INFOPLIST_FILE = YES;
				INFOPLIST_KEY_NSCameraUsageDescription = "";
				INFOPLIST_KEY_UIApplicationSupportsIndirectInputEvents = YES;
				INFOPLIST_KEY_UILaunchStoryboardName = LaunchScreen;
				INFOPLIST_KEY_UIMainStoryboardFile = Main;
				INFOPLIST_KEY_UIRequiredDeviceCapabilities = arkit;
				INFOPLIST_KEY_UIStatusBarHidden = YES;
				INFOPLIST_KEY_UISupportedInterfaceOrientations_iPad = "UIInterfaceOrientationPortrait UIInterfaceOrientationPortraitUpsideDown UIInterfaceOrientationLandscapeLeft UIInterfaceOrientationLandscapeRight";
				INFOPLIST_KEY_UISupportedInterfaceOrientations_iPhone = "UIInterfaceOrientationPortrait UIInterfaceOrientationLandscapeLeft UIInterfaceOrientationLandscapeRight";
				IPHONEOS_DEPLOYMENT_TARGET = 16.0;
				LD_RUNPATH_SEARCH_PATHS = (
					"$(inherited)",
					"@executable_path/Frameworks",
				);
				MARKETING_VERSION = 1.0;
				PRODUCT_BUNDLE_IDENTIFIER = artemiymalyshau.testing;
				PRODUCT_NAME = "$(TARGET_NAME)";
				SWIFT_EMIT_LOC_STRINGS = YES;
				SWIFT_VERSION = 5.0;
				TARGETED_DEVICE_FAMILY = "1,2";
			};
			name = Debug;
		};
		80C273F529323EE10077FCE8 /* Release */ = {
			isa = XCBuildConfiguration;
			buildSettings = {
				ASSETCATALOG_COMPILER_APPICON_NAME = AppIcon;
				ASSETCATALOG_COMPILER_GLOBAL_ACCENT_COLOR_NAME = AccentColor;
				CODE_SIGN_STYLE = Automatic;
				CURRENT_PROJECT_VERSION = 2;
				DEVELOPMENT_TEAM = 288ZUH88HD;
				GENERATE_INFOPLIST_FILE = YES;
				INFOPLIST_KEY_NSCameraUsageDescription = "";
				INFOPLIST_KEY_UIApplicationSupportsIndirectInputEvents = YES;
				INFOPLIST_KEY_UILaunchStoryboardName = LaunchScreen;
				INFOPLIST_KEY_UIMainStoryboardFile = Main;
				INFOPLIST_KEY_UIRequiredDeviceCapabilities = arkit;
				INFOPLIST_KEY_UIStatusBarHidden = YES;
				INFOPLIST_KEY_UISupportedInterfaceOrientations_iPad = "UIInterfaceOrientationPortrait UIInterfaceOrientationPortraitUpsideDown UIInterfaceOrientationLandscapeLeft UIInterfaceOrientationLandscapeRight";
				INFOPLIST_KEY_UISupportedInterfaceOrientations_iPhone = "UIInterfaceOrientationPortrait UIInterfaceOrientationLandscapeLeft UIInterfaceOrientationLandscapeRight";
				IPHONEOS_DEPLOYMENT_TARGET = 16.0;
				LD_RUNPATH_SEARCH_PATHS = (
					"$(inherited)",
					"@executable_path/Frameworks",
				);
				MARKETING_VERSION = 1.0;
				PRODUCT_BUNDLE_IDENTIFIER = artemiymalyshau.testing;
				PRODUCT_NAME = "$(TARGET_NAME)";
				SWIFT_EMIT_LOC_STRINGS = YES;
				SWIFT_VERSION = 5.0;
				TARGETED_DEVICE_FAMILY = "1,2";
			};
			name = Release;
		};
		80C273F729323EE10077FCE8 /* Debug */ = {
			isa = XCBuildConfiguration;
			buildSettings = {
				ALWAYS_EMBED_SWIFT_STANDARD_LIBRARIES = YES;
				BUNDLE_LOADER = "$(TEST_HOST)";
				CODE_SIGN_STYLE = Automatic;
				CURRENT_PROJECT_VERSION = 1;
				DEVELOPMENT_TEAM = UEA5XWCYV3;
				GENERATE_INFOPLIST_FILE = YES;
				IPHONEOS_DEPLOYMENT_TARGET = 16.1;
				MARKETING_VERSION = 1.0;
				PRODUCT_BUNDLE_IDENTIFIER = com.christian.TestingTests;
				PRODUCT_NAME = "$(TARGET_NAME)";
				SWIFT_EMIT_LOC_STRINGS = NO;
				SWIFT_VERSION = 5.0;
				TARGETED_DEVICE_FAMILY = "1,2";
				TEST_HOST = "$(BUILT_PRODUCTS_DIR)/Testing.app/$(BUNDLE_EXECUTABLE_FOLDER_PATH)/Testing";
			};
			name = Debug;
		};
		80C273F829323EE10077FCE8 /* Release */ = {
			isa = XCBuildConfiguration;
			buildSettings = {
				ALWAYS_EMBED_SWIFT_STANDARD_LIBRARIES = YES;
				BUNDLE_LOADER = "$(TEST_HOST)";
				CODE_SIGN_STYLE = Automatic;
				CURRENT_PROJECT_VERSION = 1;
				DEVELOPMENT_TEAM = UEA5XWCYV3;
				GENERATE_INFOPLIST_FILE = YES;
				IPHONEOS_DEPLOYMENT_TARGET = 16.1;
				MARKETING_VERSION = 1.0;
				PRODUCT_BUNDLE_IDENTIFIER = com.christian.TestingTests;
				PRODUCT_NAME = "$(TARGET_NAME)";
				SWIFT_EMIT_LOC_STRINGS = NO;
				SWIFT_VERSION = 5.0;
				TARGETED_DEVICE_FAMILY = "1,2";
				TEST_HOST = "$(BUILT_PRODUCTS_DIR)/Testing.app/$(BUNDLE_EXECUTABLE_FOLDER_PATH)/Testing";
			};
			name = Release;
		};
		80C273FA29323EE10077FCE8 /* Debug */ = {
			isa = XCBuildConfiguration;
			buildSettings = {
				ALWAYS_EMBED_SWIFT_STANDARD_LIBRARIES = YES;
				CODE_SIGN_STYLE = Automatic;
				CURRENT_PROJECT_VERSION = 1;
				DEVELOPMENT_TEAM = UEA5XWCYV3;
				GENERATE_INFOPLIST_FILE = YES;
				MARKETING_VERSION = 1.0;
				PRODUCT_BUNDLE_IDENTIFIER = com.christian.TestingUITests;
				PRODUCT_NAME = "$(TARGET_NAME)";
				SWIFT_EMIT_LOC_STRINGS = NO;
				SWIFT_VERSION = 5.0;
				TARGETED_DEVICE_FAMILY = "1,2";
				TEST_TARGET_NAME = Testing;
			};
			name = Debug;
		};
		80C273FB29323EE10077FCE8 /* Release */ = {
			isa = XCBuildConfiguration;
			buildSettings = {
				ALWAYS_EMBED_SWIFT_STANDARD_LIBRARIES = YES;
				CODE_SIGN_STYLE = Automatic;
				CURRENT_PROJECT_VERSION = 1;
				DEVELOPMENT_TEAM = UEA5XWCYV3;
				GENERATE_INFOPLIST_FILE = YES;
				MARKETING_VERSION = 1.0;
				PRODUCT_BUNDLE_IDENTIFIER = com.christian.TestingUITests;
				PRODUCT_NAME = "$(TARGET_NAME)";
				SWIFT_EMIT_LOC_STRINGS = NO;
				SWIFT_VERSION = 5.0;
				TARGETED_DEVICE_FAMILY = "1,2";
				TEST_TARGET_NAME = Testing;
			};
			name = Release;
		};
/* End XCBuildConfiguration section */

/* Begin XCConfigurationList section */
		80C273C529323EDE0077FCE8 /* Build configuration list for PBXProject "Testing" */ = {
			isa = XCConfigurationList;
			buildConfigurations = (
				80C273F129323EE10077FCE8 /* Debug */,
				80C273F229323EE10077FCE8 /* Release */,
			);
			defaultConfigurationIsVisible = 0;
			defaultConfigurationName = Release;
		};
		80C273F329323EE10077FCE8 /* Build configuration list for PBXNativeTarget "Testing" */ = {
			isa = XCConfigurationList;
			buildConfigurations = (
				80C273F429323EE10077FCE8 /* Debug */,
				80C273F529323EE10077FCE8 /* Release */,
			);
			defaultConfigurationIsVisible = 0;
			defaultConfigurationName = Release;
		};
		80C273F629323EE10077FCE8 /* Build configuration list for PBXNativeTarget "TestingTests" */ = {
			isa = XCConfigurationList;
			buildConfigurations = (
				80C273F729323EE10077FCE8 /* Debug */,
				80C273F829323EE10077FCE8 /* Release */,
			);
			defaultConfigurationIsVisible = 0;
			defaultConfigurationName = Release;
		};
		80C273F929323EE10077FCE8 /* Build configuration list for PBXNativeTarget "TestingUITests" */ = {
			isa = XCConfigurationList;
			buildConfigurations = (
				80C273FA29323EE10077FCE8 /* Debug */,
				80C273FB29323EE10077FCE8 /* Release */,
			);
			defaultConfigurationIsVisible = 0;
			defaultConfigurationName = Release;
		};
/* End XCConfigurationList section */

/* Begin XCRemoteSwiftPackageReference section */
		80C274282932D5C60077FCE8 /* XCRemoteSwiftPackageReference "FocusEntity" */ = {
			isa = XCRemoteSwiftPackageReference;
			repositoryURL = "https://github.com/maxxfrazer/FocusEntity";
			requirement = {
				branch = main;
				kind = branch;
			};
		};
/* End XCRemoteSwiftPackageReference section */

/* Begin XCSwiftPackageProductDependency section */
		80C274292932D5C60077FCE8 /* FocusEntity */ = {
			isa = XCSwiftPackageProductDependency;
			package = 80C274282932D5C60077FCE8 /* XCRemoteSwiftPackageReference "FocusEntity" */;
			productName = FocusEntity;
		};
/* End XCSwiftPackageProductDependency section */
	};
	rootObject = 80C273C229323EDE0077FCE8 /* Project object */;
}
